// !$*UTF8*$!
{
	archiveVersion = 1;
	classes = {
	};
	objectVersion = 50;
	objects = {

/* Begin PBXBuildFile section */
		AA71C47E23ACA57000F24220 /* AppDelegate.m in Sources */ = {isa = PBXBuildFile; fileRef = AA71C47D23ACA57000F24220 /* AppDelegate.m */; };
		AA71C48123ACA57000F24220 /* SceneDelegate.m in Sources */ = {isa = PBXBuildFile; fileRef = AA71C48023ACA57000F24220 /* SceneDelegate.m */; };
		AA71C48423ACA57000F24220 /* ViewController.m in Sources */ = {isa = PBXBuildFile; fileRef = AA71C48323ACA57000F24220 /* ViewController.m */; };
		AA71C48723ACA57000F24220 /* Main.storyboard in Resources */ = {isa = PBXBuildFile; fileRef = AA71C48523ACA57000F24220 /* Main.storyboard */; };
		AA71C48923ACA57100F24220 /* Assets.xcassets in Resources */ = {isa = PBXBuildFile; fileRef = AA71C48823ACA57100F24220 /* Assets.xcassets */; };
		AA71C48C23ACA57100F24220 /* LaunchScreen.storyboard in Resources */ = {isa = PBXBuildFile; fileRef = AA71C48A23ACA57100F24220 /* LaunchScreen.storyboard */; };
		AA71C48F23ACA57100F24220 /* main.m in Sources */ = {isa = PBXBuildFile; fileRef = AA71C48E23ACA57100F24220 /* main.m */; };
		AA71C49923ACA57100F24220 /* GLKit_06Tests.m in Sources */ = {isa = PBXBuildFile; fileRef = AA71C49823ACA57100F24220 /* GLKit_06Tests.m */; };
		AA71C4A423ACA57100F24220 /* GLKit_06UITests.m in Sources */ = {isa = PBXBuildFile; fileRef = AA71C4A323ACA57100F24220 /* GLKit_06UITests.m */; };
		AA71C4BB23ACA5CE00F24220 /* AGLKContext.m in Sources */ = {isa = PBXBuildFile; fileRef = AA71C4B823ACA5CE00F24220 /* AGLKContext.m */; };
		AA71C4BE23ACA5FD00F24220 /* Earth512x256.jpg in Resources */ = {isa = PBXBuildFile; fileRef = AA71C4BD23ACA5FD00F24220 /* Earth512x256.jpg */; };
		AA71C4C123ACAF4800F24220 /* sphere.obj in Resources */ = {isa = PBXBuildFile; fileRef = AA71C4C023ACAF4800F24220 /* sphere.obj */; };
		AA71C4C323ACAFD300F24220 /* sphere.blend in Resources */ = {isa = PBXBuildFile; fileRef = AA71C4C223ACAFD300F24220 /* sphere.blend */; };
		AA71C4C523ACB00300F24220 /* Moon256x128.png in Resources */ = {isa = PBXBuildFile; fileRef = AA71C4C423ACB00300F24220 /* Moon256x128.png */; };
		AA71C4C823ACB3AC00F24220 /* AGLKVertexAttribArrayBuffer.m in Sources */ = {isa = PBXBuildFile; fileRef = AA71C4C723ACB3AC00F24220 /* AGLKVertexAttribArrayBuffer.m */; };
/* End PBXBuildFile section */

/* Begin PBXContainerItemProxy section */
		AA71C49523ACA57100F24220 /* PBXContainerItemProxy */ = {
			isa = PBXContainerItemProxy;
			containerPortal = AA71C47123ACA57000F24220 /* Project object */;
			proxyType = 1;
			remoteGlobalIDString = AA71C47823ACA57000F24220;
			remoteInfo = GLKit_06;
		};
		AA71C4A023ACA57100F24220 /* PBXContainerItemProxy */ = {
			isa = PBXContainerItemProxy;
			containerPortal = AA71C47123ACA57000F24220 /* Project object */;
			proxyType = 1;
			remoteGlobalIDString = AA71C47823ACA57000F24220;
			remoteInfo = GLKit_06;
		};
/* End PBXContainerItemProxy section */

/* Begin PBXFileReference section */
		AA71C47923ACA57000F24220 /* GLKit_06.app */ = {isa = PBXFileReference; explicitFileType = wrapper.application; includeInIndex = 0; path = GLKit_06.app; sourceTree = BUILT_PRODUCTS_DIR; };
		AA71C47C23ACA57000F24220 /* AppDelegate.h */ = {isa = PBXFileReference; lastKnownFileType = sourcecode.c.h; path = AppDelegate.h; sourceTree = "<group>"; };
		AA71C47D23ACA57000F24220 /* AppDelegate.m */ = {isa = PBXFileReference; lastKnownFileType = sourcecode.c.objc; path = AppDelegate.m; sourceTree = "<group>"; };
		AA71C47F23ACA57000F24220 /* SceneDelegate.h */ = {isa = PBXFileReference; lastKnownFileType = sourcecode.c.h; path = SceneDelegate.h; sourceTree = "<group>"; };
		AA71C48023ACA57000F24220 /* SceneDelegate.m */ = {isa = PBXFileReference; lastKnownFileType = sourcecode.c.objc; path = SceneDelegate.m; sourceTree = "<group>"; };
		AA71C48223ACA57000F24220 /* ViewController.h */ = {isa = PBXFileReference; lastKnownFileType = sourcecode.c.h; path = ViewController.h; sourceTree = "<group>"; };
		AA71C48323ACA57000F24220 /* ViewController.m */ = {isa = PBXFileReference; lastKnownFileType = sourcecode.c.objc; path = ViewController.m; sourceTree = "<group>"; };
		AA71C48623ACA57000F24220 /* Base */ = {isa = PBXFileReference; lastKnownFileType = file.storyboard; name = Base; path = Base.lproj/Main.storyboard; sourceTree = "<group>"; };
		AA71C48823ACA57100F24220 /* Assets.xcassets */ = {isa = PBXFileReference; lastKnownFileType = folder.assetcatalog; path = Assets.xcassets; sourceTree = "<group>"; };
		AA71C48B23ACA57100F24220 /* Base */ = {isa = PBXFileReference; lastKnownFileType = file.storyboard; name = Base; path = Base.lproj/LaunchScreen.storyboard; sourceTree = "<group>"; };
		AA71C48D23ACA57100F24220 /* Info.plist */ = {isa = PBXFileReference; lastKnownFileType = text.plist.xml; path = Info.plist; sourceTree = "<group>"; };
		AA71C48E23ACA57100F24220 /* main.m */ = {isa = PBXFileReference; lastKnownFileType = sourcecode.c.objc; path = main.m; sourceTree = "<group>"; };
		AA71C49423ACA57100F24220 /* GLKit_06Tests.xctest */ = {isa = PBXFileReference; explicitFileType = wrapper.cfbundle; includeInIndex = 0; path = GLKit_06Tests.xctest; sourceTree = BUILT_PRODUCTS_DIR; };
		AA71C49823ACA57100F24220 /* GLKit_06Tests.m */ = {isa = PBXFileReference; lastKnownFileType = sourcecode.c.objc; path = GLKit_06Tests.m; sourceTree = "<group>"; };
		AA71C49A23ACA57100F24220 /* Info.plist */ = {isa = PBXFileReference; lastKnownFileType = text.plist.xml; path = Info.plist; sourceTree = "<group>"; };
		AA71C49F23ACA57100F24220 /* GLKit_06UITests.xctest */ = {isa = PBXFileReference; explicitFileType = wrapper.cfbundle; includeInIndex = 0; path = GLKit_06UITests.xctest; sourceTree = BUILT_PRODUCTS_DIR; };
		AA71C4A323ACA57100F24220 /* GLKit_06UITests.m */ = {isa = PBXFileReference; lastKnownFileType = sourcecode.c.objc; path = GLKit_06UITests.m; sourceTree = "<group>"; };
		AA71C4A523ACA57100F24220 /* Info.plist */ = {isa = PBXFileReference; lastKnownFileType = text.plist.xml; path = Info.plist; sourceTree = "<group>"; };
		AA71C4B823ACA5CE00F24220 /* AGLKContext.m */ = {isa = PBXFileReference; fileEncoding = 4; lastKnownFileType = sourcecode.c.objc; path = AGLKContext.m; sourceTree = "<group>"; };
		AA71C4B923ACA5CE00F24220 /* AGLKContext.h */ = {isa = PBXFileReference; fileEncoding = 4; lastKnownFileType = sourcecode.c.h; path = AGLKContext.h; sourceTree = "<group>"; };
		AA71C4BD23ACA5FD00F24220 /* Earth512x256.jpg */ = {isa = PBXFileReference; lastKnownFileType = image.jpeg; path = Earth512x256.jpg; sourceTree = "<group>"; };
		AA71C4BF23ACA6CF00F24220 /* sphere.h */ = {isa = PBXFileReference; fileEncoding = 4; lastKnownFileType = sourcecode.c.h; path = sphere.h; sourceTree = "<group>"; };
		AA71C4C023ACAF4800F24220 /* sphere.obj */ = {isa = PBXFileReference; fileEncoding = 4; lastKnownFileType = text; path = sphere.obj; sourceTree = "<group>"; };
		AA71C4C223ACAFD300F24220 /* sphere.blend */ = {isa = PBXFileReference; lastKnownFileType = file; path = sphere.blend; sourceTree = "<group>"; };
		AA71C4C423ACB00300F24220 /* Moon256x128.png */ = {isa = PBXFileReference; lastKnownFileType = image.png; path = Moon256x128.png; sourceTree = "<group>"; };
		AA71C4C623ACB3AC00F24220 /* AGLKVertexAttribArrayBuffer.h */ = {isa = PBXFileReference; fileEncoding = 4; lastKnownFileType = sourcecode.c.h; path = AGLKVertexAttribArrayBuffer.h; sourceTree = "<group>"; };
		AA71C4C723ACB3AC00F24220 /* AGLKVertexAttribArrayBuffer.m */ = {isa = PBXFileReference; fileEncoding = 4; lastKnownFileType = sourcecode.c.objc; path = AGLKVertexAttribArrayBuffer.m; sourceTree = "<group>"; };
/* End PBXFileReference section */

/* Begin PBXFrameworksBuildPhase section */
		AA71C47623ACA57000F24220 /* Frameworks */ = {
			isa = PBXFrameworksBuildPhase;
			buildActionMask = 2147483647;
			files = (
			);
			runOnlyForDeploymentPostprocessing = 0;
		};
		AA71C49123ACA57100F24220 /* Frameworks */ = {
			isa = PBXFrameworksBuildPhase;
			buildActionMask = 2147483647;
			files = (
			);
			runOnlyForDeploymentPostprocessing = 0;
		};
		AA71C49C23ACA57100F24220 /* Frameworks */ = {
			isa = PBXFrameworksBuildPhase;
			buildActionMask = 2147483647;
			files = (
			);
			runOnlyForDeploymentPostprocessing = 0;
		};
/* End PBXFrameworksBuildPhase section */

/* Begin PBXGroup section */
		AA71C47023ACA57000F24220 = {
			isa = PBXGroup;
			children = (
				AA71C47B23ACA57000F24220 /* GLKit_06 */,
				AA71C49723ACA57100F24220 /* GLKit_06Tests */,
				AA71C4A223ACA57100F24220 /* GLKit_06UITests */,
				AA71C47A23ACA57000F24220 /* Products */,
			);
			sourceTree = "<group>";
		};
		AA71C47A23ACA57000F24220 /* Products */ = {
			isa = PBXGroup;
			children = (
				AA71C47923ACA57000F24220 /* GLKit_06.app */,
				AA71C49423ACA57100F24220 /* GLKit_06Tests.xctest */,
				AA71C49F23ACA57100F24220 /* GLKit_06UITests.xctest */,
			);
			name = Products;
			sourceTree = "<group>";
		};
		AA71C47B23ACA57000F24220 /* GLKit_06 */ = {
			isa = PBXGroup;
			children = (
				AA71C4C423ACB00300F24220 /* Moon256x128.png */,
				AA71C4BD23ACA5FD00F24220 /* Earth512x256.jpg */,
				AA71C4C223ACAFD300F24220 /* sphere.blend */,
				AA71C4C023ACAF4800F24220 /* sphere.obj */,
				AA71C4BF23ACA6CF00F24220 /* sphere.h */,
				AA71C4B923ACA5CE00F24220 /* AGLKContext.h */,
				AA71C4B823ACA5CE00F24220 /* AGLKContext.m */,
				AA71C4C623ACB3AC00F24220 /* AGLKVertexAttribArrayBuffer.h */,
				AA71C4C723ACB3AC00F24220 /* AGLKVertexAttribArrayBuffer.m */,
				AA71C47C23ACA57000F24220 /* AppDelegate.h */,
				AA71C47D23ACA57000F24220 /* AppDelegate.m */,
				AA71C47F23ACA57000F24220 /* SceneDelegate.h */,
				AA71C48023ACA57000F24220 /* SceneDelegate.m */,
				AA71C48223ACA57000F24220 /* ViewController.h */,
				AA71C48323ACA57000F24220 /* ViewController.m */,
				AA71C48523ACA57000F24220 /* Main.storyboard */,
				AA71C48823ACA57100F24220 /* Assets.xcassets */,
				AA71C48A23ACA57100F24220 /* LaunchScreen.storyboard */,
				AA71C48D23ACA57100F24220 /* Info.plist */,
				AA71C48E23ACA57100F24220 /* main.m */,
			);
			path = GLKit_06;
			sourceTree = "<group>";
		};
		AA71C49723ACA57100F24220 /* GLKit_06Tests */ = {
			isa = PBXGroup;
			children = (
				AA71C49823ACA57100F24220 /* GLKit_06Tests.m */,
				AA71C49A23ACA57100F24220 /* Info.plist */,
			);
			path = GLKit_06Tests;
			sourceTree = "<group>";
		};
		AA71C4A223ACA57100F24220 /* GLKit_06UITests */ = {
			isa = PBXGroup;
			children = (
				AA71C4A323ACA57100F24220 /* GLKit_06UITests.m */,
				AA71C4A523ACA57100F24220 /* Info.plist */,
			);
			path = GLKit_06UITests;
			sourceTree = "<group>";
		};
/* End PBXGroup section */

/* Begin PBXNativeTarget section */
		AA71C47823ACA57000F24220 /* GLKit_06 */ = {
			isa = PBXNativeTarget;
			buildConfigurationList = AA71C4A823ACA57100F24220 /* Build configuration list for PBXNativeTarget "GLKit_06" */;
			buildPhases = (
				AA71C47523ACA57000F24220 /* Sources */,
				AA71C47623ACA57000F24220 /* Frameworks */,
				AA71C47723ACA57000F24220 /* Resources */,
			);
			buildRules = (
			);
			dependencies = (
			);
			name = GLKit_06;
			productName = GLKit_06;
			productReference = AA71C47923ACA57000F24220 /* GLKit_06.app */;
			productType = "com.apple.product-type.application";
		};
		AA71C49323ACA57100F24220 /* GLKit_06Tests */ = {
			isa = PBXNativeTarget;
			buildConfigurationList = AA71C4AB23ACA57100F24220 /* Build configuration list for PBXNativeTarget "GLKit_06Tests" */;
			buildPhases = (
				AA71C49023ACA57100F24220 /* Sources */,
				AA71C49123ACA57100F24220 /* Frameworks */,
				AA71C49223ACA57100F24220 /* Resources */,
			);
			buildRules = (
			);
			dependencies = (
				AA71C49623ACA57100F24220 /* PBXTargetDependency */,
			);
			name = GLKit_06Tests;
			productName = GLKit_06Tests;
			productReference = AA71C49423ACA57100F24220 /* GLKit_06Tests.xctest */;
			productType = "com.apple.product-type.bundle.unit-test";
		};
		AA71C49E23ACA57100F24220 /* GLKit_06UITests */ = {
			isa = PBXNativeTarget;
			buildConfigurationList = AA71C4AE23ACA57100F24220 /* Build configuration list for PBXNativeTarget "GLKit_06UITests" */;
			buildPhases = (
				AA71C49B23ACA57100F24220 /* Sources */,
				AA71C49C23ACA57100F24220 /* Frameworks */,
				AA71C49D23ACA57100F24220 /* Resources */,
			);
			buildRules = (
			);
			dependencies = (
				AA71C4A123ACA57100F24220 /* PBXTargetDependency */,
			);
			name = GLKit_06UITests;
			productName = GLKit_06UITests;
			productReference = AA71C49F23ACA57100F24220 /* GLKit_06UITests.xctest */;
			productType = "com.apple.product-type.bundle.ui-testing";
		};
/* End PBXNativeTarget section */

/* Begin PBXProject section */
		AA71C47123ACA57000F24220 /* Project object */ = {
			isa = PBXProject;
			attributes = {
				LastUpgradeCheck = 1120;
				ORGANIZATIONNAME = ucloud;
				TargetAttributes = {
					AA71C47823ACA57000F24220 = {
						CreatedOnToolsVersion = 11.2.1;
					};
					AA71C49323ACA57100F24220 = {
						CreatedOnToolsVersion = 11.2.1;
						TestTargetID = AA71C47823ACA57000F24220;
					};
					AA71C49E23ACA57100F24220 = {
						CreatedOnToolsVersion = 11.2.1;
						TestTargetID = AA71C47823ACA57000F24220;
					};
				};
			};
			buildConfigurationList = AA71C47423ACA57000F24220 /* Build configuration list for PBXProject "GLKit_06" */;
			compatibilityVersion = "Xcode 9.3";
			developmentRegion = en;
			hasScannedForEncodings = 0;
			knownRegions = (
				en,
				Base,
			);
			mainGroup = AA71C47023ACA57000F24220;
			productRefGroup = AA71C47A23ACA57000F24220 /* Products */;
			projectDirPath = "";
			projectRoot = "";
			targets = (
				AA71C47823ACA57000F24220 /* GLKit_06 */,
				AA71C49323ACA57100F24220 /* GLKit_06Tests */,
				AA71C49E23ACA57100F24220 /* GLKit_06UITests */,
			);
		};
/* End PBXProject section */

/* Begin PBXResourcesBuildPhase section */
		AA71C47723ACA57000F24220 /* Resources */ = {
			isa = PBXResourcesBuildPhase;
			buildActionMask = 2147483647;
			files = (
				AA71C4BE23ACA5FD00F24220 /* Earth512x256.jpg in Resources */,
				AA71C4C523ACB00300F24220 /* Moon256x128.png in Resources */,
				AA71C48C23ACA57100F24220 /* LaunchScreen.storyboard in Resources */,
				AA71C4C323ACAFD300F24220 /* sphere.blend in Resources */,
				AA71C48923ACA57100F24220 /* Assets.xcassets in Resources */,
				AA71C48723ACA57000F24220 /* Main.storyboard in Resources */,
				AA71C4C123ACAF4800F24220 /* sphere.obj in Resources */,
			);
			runOnlyForDeploymentPostprocessing = 0;
		};
		AA71C49223ACA57100F24220 /* Resources */ = {
			isa = PBXResourcesBuildPhase;
			buildActionMask = 2147483647;
			files = (
			);
			runOnlyForDeploymentPostprocessing = 0;
		};
		AA71C49D23ACA57100F24220 /* Resources */ = {
			isa = PBXResourcesBuildPhase;
			buildActionMask = 2147483647;
			files = (
			);
			runOnlyForDeploymentPostprocessing = 0;
		};
/* End PBXResourcesBuildPhase section */

/* Begin PBXSourcesBuildPhase section */
		AA71C47523ACA57000F24220 /* Sources */ = {
			isa = PBXSourcesBuildPhase;
			buildActionMask = 2147483647;
			files = (
				AA71C4C823ACB3AC00F24220 /* AGLKVertexAttribArrayBuffer.m in Sources */,
				AA71C4BB23ACA5CE00F24220 /* AGLKContext.m in Sources */,
				AA71C48423ACA57000F24220 /* ViewController.m in Sources */,
				AA71C47E23ACA57000F24220 /* AppDelegate.m in Sources */,
				AA71C48F23ACA57100F24220 /* main.m in Sources */,
				AA71C48123ACA57000F24220 /* SceneDelegate.m in Sources */,
			);
			runOnlyForDeploymentPostprocessing = 0;
		};
		AA71C49023ACA57100F24220 /* Sources */ = {
			isa = PBXSourcesBuildPhase;
			buildActionMask = 2147483647;
			files = (
				AA71C49923ACA57100F24220 /* GLKit_06Tests.m in Sources */,
			);
			runOnlyForDeploymentPostprocessing = 0;
		};
		AA71C49B23ACA57100F24220 /* Sources */ = {
			isa = PBXSourcesBuildPhase;
			buildActionMask = 2147483647;
			files = (
				AA71C4A423ACA57100F24220 /* GLKit_06UITests.m in Sources */,
			);
			runOnlyForDeploymentPostprocessing = 0;
		};
/* End PBXSourcesBuildPhase section */

/* Begin PBXTargetDependency section */
		AA71C49623ACA57100F24220 /* PBXTargetDependency */ = {
			isa = PBXTargetDependency;
			target = AA71C47823ACA57000F24220 /* GLKit_06 */;
			targetProxy = AA71C49523ACA57100F24220 /* PBXContainerItemProxy */;
		};
		AA71C4A123ACA57100F24220 /* PBXTargetDependency */ = {
			isa = PBXTargetDependency;
			target = AA71C47823ACA57000F24220 /* GLKit_06 */;
			targetProxy = AA71C4A023ACA57100F24220 /* PBXContainerItemProxy */;
		};
/* End PBXTargetDependency section */

/* Begin PBXVariantGroup section */
		AA71C48523ACA57000F24220 /* Main.storyboard */ = {
			isa = PBXVariantGroup;
			children = (
				AA71C48623ACA57000F24220 /* Base */,
			);
			name = Main.storyboard;
			sourceTree = "<group>";
		};
		AA71C48A23ACA57100F24220 /* LaunchScreen.storyboard */ = {
			isa = PBXVariantGroup;
			children = (
				AA71C48B23ACA57100F24220 /* Base */,
			);
			name = LaunchScreen.storyboard;
			sourceTree = "<group>";
		};
/* End PBXVariantGroup section */

/* Begin XCBuildConfiguration section */
		AA71C4A623ACA57100F24220 /* Debug */ = {
			isa = XCBuildConfiguration;
			buildSettings = {
				ALWAYS_SEARCH_USER_PATHS = NO;
				CLANG_ANALYZER_NONNULL = YES;
				CLANG_ANALYZER_NUMBER_OBJECT_CONVERSION = YES_AGGRESSIVE;
				CLANG_CXX_LANGUAGE_STANDARD = "gnu++14";
				CLANG_CXX_LIBRARY = "libc++";
				CLANG_ENABLE_MODULES = YES;
				CLANG_ENABLE_OBJC_ARC = YES;
				CLANG_ENABLE_OBJC_WEAK = YES;
				CLANG_WARN_BLOCK_CAPTURE_AUTORELEASING = YES;
				CLANG_WARN_BOOL_CONVERSION = YES;
				CLANG_WARN_COMMA = YES;
				CLANG_WARN_CONSTANT_CONVERSION = YES;
				CLANG_WARN_DEPRECATED_OBJC_IMPLEMENTATIONS = YES;
				CLANG_WARN_DIRECT_OBJC_ISA_USAGE = YES_ERROR;
				CLANG_WARN_DOCUMENTATION_COMMENTS = YES;
				CLANG_WARN_EMPTY_BODY = YES;
				CLANG_WARN_ENUM_CONVERSION = YES;
				CLANG_WARN_INFINITE_RECURSION = YES;
				CLANG_WARN_INT_CONVERSION = YES;
				CLANG_WARN_NON_LITERAL_NULL_CONVERSION = YES;
				CLANG_WARN_OBJC_IMPLICIT_RETAIN_SELF = YES;
				CLANG_WARN_OBJC_LITERAL_CONVERSION = YES;
				CLANG_WARN_OBJC_ROOT_CLASS = YES_ERROR;
				CLANG_WARN_RANGE_LOOP_ANALYSIS = YES;
				CLANG_WARN_STRICT_PROTOTYPES = YES;
				CLANG_WARN_SUSPICIOUS_MOVE = YES;
				CLANG_WARN_UNGUARDED_AVAILABILITY = YES_AGGRESSIVE;
				CLANG_WARN_UNREACHABLE_CODE = YES;
				CLANG_WARN__DUPLICATE_METHOD_MATCH = YES;
				COPY_PHASE_STRIP = NO;
				DEBUG_INFORMATION_FORMAT = dwarf;
				ENABLE_STRICT_OBJC_MSGSEND = YES;
				ENABLE_TESTABILITY = YES;
				GCC_C_LANGUAGE_STANDARD = gnu11;
				GCC_DYNAMIC_NO_PIC = NO;
				GCC_NO_COMMON_BLOCKS = YES;
				GCC_OPTIMIZATION_LEVEL = 0;
				GCC_PREPROCESSOR_DEFINITIONS = (
					"DEBUG=1",
					"$(inherited)",
				);
				GCC_WARN_64_TO_32_BIT_CONVERSION = YES;
				GCC_WARN_ABOUT_RETURN_TYPE = YES_ERROR;
				GCC_WARN_UNDECLARED_SELECTOR = YES;
				GCC_WARN_UNINITIALIZED_AUTOS = YES_AGGRESSIVE;
				GCC_WARN_UNUSED_FUNCTION = YES;
				GCC_WARN_UNUSED_VARIABLE = YES;
				IPHONEOS_DEPLOYMENT_TARGET = 13.2;
				MTL_ENABLE_DEBUG_INFO = INCLUDE_SOURCE;
				MTL_FAST_MATH = YES;
				ONLY_ACTIVE_ARCH = YES;
				SDKROOT = iphoneos;
			};
			name = Debug;
		};
		AA71C4A723ACA57100F24220 /* Release */ = {
			isa = XCBuildConfiguration;
			buildSettings = {
				ALWAYS_SEARCH_USER_PATHS = NO;
				CLANG_ANALYZER_NONNULL = YES;
				CLANG_ANALYZER_NUMBER_OBJECT_CONVERSION = YES_AGGRESSIVE;
				CLANG_CXX_LANGUAGE_STANDARD = "gnu++14";
				CLANG_CXX_LIBRARY = "libc++";
				CLANG_ENABLE_MODULES = YES;
				CLANG_ENABLE_OBJC_ARC = YES;
				CLANG_ENABLE_OBJC_WEAK = YES;
				CLANG_WARN_BLOCK_CAPTURE_AUTORELEASING = YES;
				CLANG_WARN_BOOL_CONVERSION = YES;
				CLANG_WARN_COMMA = YES;
				CLANG_WARN_CONSTANT_CONVERSION = YES;
				CLANG_WARN_DEPRECATED_OBJC_IMPLEMENTATIONS = YES;
				CLANG_WARN_DIRECT_OBJC_ISA_USAGE = YES_ERROR;
				CLANG_WARN_DOCUMENTATION_COMMENTS = YES;
				CLANG_WARN_EMPTY_BODY = YES;
				CLANG_WARN_ENUM_CONVERSION = YES;
				CLANG_WARN_INFINITE_RECURSION = YES;
				CLANG_WARN_INT_CONVERSION = YES;
				CLANG_WARN_NON_LITERAL_NULL_CONVERSION = YES;
				CLANG_WARN_OBJC_IMPLICIT_RETAIN_SELF = YES;
				CLANG_WARN_OBJC_LITERAL_CONVERSION = YES;
				CLANG_WARN_OBJC_ROOT_CLASS = YES_ERROR;
				CLANG_WARN_RANGE_LOOP_ANALYSIS = YES;
				CLANG_WARN_STRICT_PROTOTYPES = YES;
				CLANG_WARN_SUSPICIOUS_MOVE = YES;
				CLANG_WARN_UNGUARDED_AVAILABILITY = YES_AGGRESSIVE;
				CLANG_WARN_UNREACHABLE_CODE = YES;
				CLANG_WARN__DUPLICATE_METHOD_MATCH = YES;
				COPY_PHASE_STRIP = NO;
				DEBUG_INFORMATION_FORMAT = "dwarf-with-dsym";
				ENABLE_NS_ASSERTIONS = NO;
				ENABLE_STRICT_OBJC_MSGSEND = YES;
				GCC_C_LANGUAGE_STANDARD = gnu11;
				GCC_NO_COMMON_BLOCKS = YES;
				GCC_WARN_64_TO_32_BIT_CONVERSION = YES;
				GCC_WARN_ABOUT_RETURN_TYPE = YES_ERROR;
				GCC_WARN_UNDECLARED_SELECTOR = YES;
				GCC_WARN_UNINITIALIZED_AUTOS = YES_AGGRESSIVE;
				GCC_WARN_UNUSED_FUNCTION = YES;
				GCC_WARN_UNUSED_VARIABLE = YES;
				IPHONEOS_DEPLOYMENT_TARGET = 13.2;
				MTL_ENABLE_DEBUG_INFO = NO;
				MTL_FAST_MATH = YES;
				SDKROOT = iphoneos;
				VALIDATE_PRODUCT = YES;
			};
			name = Release;
		};
		AA71C4A923ACA57100F24220 /* Debug */ = {
			isa = XCBuildConfiguration;
			buildSettings = {
				ASSETCATALOG_COMPILER_APPICON_NAME = AppIcon;
				CODE_SIGN_STYLE = Automatic;
				DEVELOPMENT_TEAM = CFP9KY4MGC;
				INFOPLIST_FILE = GLKit_06/Info.plist;
				IPHONEOS_DEPLOYMENT_TARGET = 9.3;
				LD_RUNPATH_SEARCH_PATHS = (
					"$(inherited)",
					"@executable_path/Frameworks",
				);
				PRODUCT_BUNDLE_IDENTIFIER = "cn.ucloud.GLKit-06";
				PRODUCT_NAME = "$(TARGET_NAME)";
				TARGETED_DEVICE_FAMILY = "1,2";
			};
			name = Debug;
		};
		AA71C4AA23ACA57100F24220 /* Release */ = {
			isa = XCBuildConfiguration;
			buildSettings = {
				ASSETCATALOG_COMPILER_APPICON_NAME = AppIcon;
				CODE_SIGN_STYLE = Automatic;
				DEVELOPMENT_TEAM = CFP9KY4MGC;
				INFOPLIST_FILE = GLKit_06/Info.plist;
				IPHONEOS_DEPLOYMENT_TARGET = 9.3;
				LD_RUNPATH_SEARCH_PATHS = (
					"$(inherited)",
					"@executable_path/Frameworks",
				);
				PRODUCT_BUNDLE_IDENTIFIER = "cn.ucloud.GLKit-06";
				PRODUCT_NAME = "$(TARGET_NAME)";
				TARGETED_DEVICE_FAMILY = "1,2";
			};
			name = Release;
		};
		AA71C4AC23ACA57100F24220 /* Debug */ = {
			isa = XCBuildConfiguration;
			buildSettings = {
				BUNDLE_LOADER = "$(TEST_HOST)";
				CODE_SIGN_STYLE = Automatic;
				DEVELOPMENT_TEAM = CFP9KY4MGC;
				INFOPLIST_FILE = GLKit_06Tests/Info.plist;
				IPHONEOS_DEPLOYMENT_TARGET = 13.2;
				LD_RUNPATH_SEARCH_PATHS = (
					"$(inherited)",
					"@executable_path/Frameworks",
					"@loader_path/Frameworks",
				);
				PRODUCT_BUNDLE_IDENTIFIER = "cn.ucloud.GLKit-06Tests";
				PRODUCT_NAME = "$(TARGET_NAME)";
				TARGETED_DEVICE_FAMILY = "1,2";
				TEST_HOST = "$(BUILT_PRODUCTS_DIR)/GLKit_06.app/GLKit_06";
			};
			name = Debug;
		};
		AA71C4AD23ACA57100F24220 /* Release */ = {
			isa = XCBuildConfiguration;
			buildSettings = {
				BUNDLE_LOADER = "$(TEST_HOST)";
				CODE_SIGN_STYLE = Automatic;
				DEVELOPMENT_TEAM = CFP9KY4MGC;
				INFOPLIST_FILE = GLKit_06Tests/Info.plist;
				IPHONEOS_DEPLOYMENT_TARGET = 13.2;
				LD_RUNPATH_SEARCH_PATHS = (
					"$(inherited)",
					"@executable_path/Frameworks",
					"@loader_path/Frameworks",
				);
				PRODUCT_BUNDLE_IDENTIFIER = "cn.ucloud.GLKit-06Tests";
				PRODUCT_NAME = "$(TARGET_NAME)";
				TARGETED_DEVICE_FAMILY = "1,2";
				TEST_HOST = "$(BUILT_PRODUCTS_DIR)/GLKit_06.app/GLKit_06";
			};
			name = Release;
		};
		AA71C4AF23ACA57100F24220 /* Debug */ = {
			isa = XCBuildConfiguration;
			buildSettings = {
				CODE_SIGN_STYLE = Automatic;
				DEVELOPMENT_TEAM = CFP9KY4MGC;
				INFOPLIST_FILE = GLKit_06UITests/Info.plist;
				LD_RUNPATH_SEARCH_PATHS = (
					"$(inherited)",
					"@executable_path/Frameworks",
					"@loader_path/Frameworks",
				);
				PRODUCT_BUNDLE_IDENTIFIER = "cn.ucloud.GLKit-06UITests";
				PRODUCT_NAME = "$(TARGET_NAME)";
				TARGETED_DEVICE_FAMILY = "1,2";
				TEST_TARGET_NAME = GLKit_06;
			};
			name = Debug;
		};
		AA71C4B023ACA57100F24220 /* Release */ = {
			isa = XCBuildConfiguration;
			buildSettings = {
				CODE_SIGN_STYLE = Automatic;
				DEVELOPMENT_TEAM = CFP9KY4MGC;
				INFOPLIST_FILE = GLKit_06UITests/Info.plist;
				LD_RUNPATH_SEARCH_PATHS = (
					"$(inherited)",
					"@executable_path/Frameworks",
					"@loader_path/Frameworks",
				);
				PRODUCT_BUNDLE_IDENTIFIER = "cn.ucloud.GLKit-06UITests";
				PRODUCT_NAME = "$(TARGET_NAME)";
				TARGETED_DEVICE_FAMILY = "1,2";
				TEST_TARGET_NAME = GLKit_06;
			};
			name = Release;
		};
/* End XCBuildConfiguration section */

/* Begin XCConfigurationList section */
		AA71C47423ACA57000F24220 /* Build configuration list for PBXProject "GLKit_06" */ = {
			isa = XCConfigurationList;
			buildConfigurations = (
				AA71C4A623ACA57100F24220 /* Debug */,
				AA71C4A723ACA57100F24220 /* Release */,
			);
			defaultConfigurationIsVisible = 0;
			defaultConfigurationName = Release;
		};
		AA71C4A823ACA57100F24220 /* Build configuration list for PBXNativeTarget "GLKit_06" */ = {
			isa = XCConfigurationList;
			buildConfigurations = (
				AA71C4A923ACA57100F24220 /* Debug */,
				AA71C4AA23ACA57100F24220 /* Release */,
			);
			defaultConfigurationIsVisible = 0;
			defaultConfigurationName = Release;
		};
		AA71C4AB23ACA57100F24220 /* Build configuration list for PBXNativeTarget "GLKit_06Tests" */ = {
			isa = XCConfigurationList;
			buildConfigurations = (
				AA71C4AC23ACA57100F24220 /* Debug */,
				AA71C4AD23ACA57100F24220 /* Release */,
			);
			defaultConfigurationIsVisible = 0;
			defaultConfigurationName = Release;
		};
		AA71C4AE23ACA57100F24220 /* Build configuration list for PBXNativeTarget "GLKit_06UITests" */ = {
			isa = XCConfigurationList;
			buildConfigurations = (
				AA71C4AF23ACA57100F24220 /* Debug */,
				AA71C4B023ACA57100F24220 /* Release */,
			);
			defaultConfigurationIsVisible = 0;
			defaultConfigurationName = Release;
		};
/* End XCConfigurationList section */
	};
	rootObject = AA71C47123ACA57000F24220 /* Project object */;
}
