// !$*UTF8*$!
{
	archiveVersion = 1;
	classes = {
	};
	objectVersion = 50;
	objects = {

/* Begin PBXBuildFile section */
		AA71C3EC23AB83A200F24220 /* AppDelegate.m in Sources */ = {isa = PBXBuildFile; fileRef = AA71C3EB23AB83A200F24220 /* AppDelegate.m */; };
		AA71C3EF23AB83A200F24220 /* SceneDelegate.m in Sources */ = {isa = PBXBuildFile; fileRef = AA71C3EE23AB83A200F24220 /* SceneDelegate.m */; };
		AA71C3F223AB83A200F24220 /* ViewController.m in Sources */ = {isa = PBXBuildFile; fileRef = AA71C3F123AB83A200F24220 /* ViewController.m */; };
		AA71C3F523AB83A200F24220 /* Main.storyboard in Resources */ = {isa = PBXBuildFile; fileRef = AA71C3F323AB83A200F24220 /* Main.storyboard */; };
		AA71C3F723AB83A300F24220 /* Assets.xcassets in Resources */ = {isa = PBXBuildFile; fileRef = AA71C3F623AB83A300F24220 /* Assets.xcassets */; };
		AA71C3FA23AB83A300F24220 /* LaunchScreen.storyboard in Resources */ = {isa = PBXBuildFile; fileRef = AA71C3F823AB83A300F24220 /* LaunchScreen.storyboard */; };
		AA71C3FD23AB83A300F24220 /* main.m in Sources */ = {isa = PBXBuildFile; fileRef = AA71C3FC23AB83A300F24220 /* main.m */; };
		AA71C40723AB83A400F24220 /* GLKit_04Tests.m in Sources */ = {isa = PBXBuildFile; fileRef = AA71C40623AB83A400F24220 /* GLKit_04Tests.m */; };
		AA71C41223AB83A400F24220 /* GLKit_04UITests.m in Sources */ = {isa = PBXBuildFile; fileRef = AA71C41123AB83A400F24220 /* GLKit_04UITests.m */; };
		AA71C42323AB83B600F24220 /* AGLKContext.m in Sources */ = {isa = PBXBuildFile; fileRef = AA71C41F23AB83B600F24220 /* AGLKContext.m */; };
		AA71C42423AB83B600F24220 /* AGLVertexAttribArrayBuffer.m in Sources */ = {isa = PBXBuildFile; fileRef = AA71C42023AB83B600F24220 /* AGLVertexAttribArrayBuffer.m */; };
		AA71C42623AB841100F24220 /* beetle.png in Resources */ = {isa = PBXBuildFile; fileRef = AA71C42523AB841100F24220 /* beetle.png */; };
		AA71C42823AB841600F24220 /* leaves.gif in Resources */ = {isa = PBXBuildFile; fileRef = AA71C42723AB841600F24220 /* leaves.gif */; };
/* End PBXBuildFile section */

/* Begin PBXContainerItemProxy section */
		AA71C40323AB83A400F24220 /* PBXContainerItemProxy */ = {
			isa = PBXContainerItemProxy;
			containerPortal = AA71C3DF23AB83A200F24220 /* Project object */;
			proxyType = 1;
			remoteGlobalIDString = AA71C3E623AB83A200F24220;
			remoteInfo = GLKit_04;
		};
		AA71C40E23AB83A400F24220 /* PBXContainerItemProxy */ = {
			isa = PBXContainerItemProxy;
			containerPortal = AA71C3DF23AB83A200F24220 /* Project object */;
			proxyType = 1;
			remoteGlobalIDString = AA71C3E623AB83A200F24220;
			remoteInfo = GLKit_04;
		};
/* End PBXContainerItemProxy section */

/* Begin PBXFileReference section */
		AA71C3E723AB83A200F24220 /* GLKit_04.app */ = {isa = PBXFileReference; explicitFileType = wrapper.application; includeInIndex = 0; path = GLKit_04.app; sourceTree = BUILT_PRODUCTS_DIR; };
		AA71C3EA23AB83A200F24220 /* AppDelegate.h */ = {isa = PBXFileReference; lastKnownFileType = sourcecode.c.h; path = AppDelegate.h; sourceTree = "<group>"; };
		AA71C3EB23AB83A200F24220 /* AppDelegate.m */ = {isa = PBXFileReference; lastKnownFileType = sourcecode.c.objc; path = AppDelegate.m; sourceTree = "<group>"; };
		AA71C3ED23AB83A200F24220 /* SceneDelegate.h */ = {isa = PBXFileReference; lastKnownFileType = sourcecode.c.h; path = SceneDelegate.h; sourceTree = "<group>"; };
		AA71C3EE23AB83A200F24220 /* SceneDelegate.m */ = {isa = PBXFileReference; lastKnownFileType = sourcecode.c.objc; path = SceneDelegate.m; sourceTree = "<group>"; };
		AA71C3F023AB83A200F24220 /* ViewController.h */ = {isa = PBXFileReference; lastKnownFileType = sourcecode.c.h; path = ViewController.h; sourceTree = "<group>"; };
		AA71C3F123AB83A200F24220 /* ViewController.m */ = {isa = PBXFileReference; lastKnownFileType = sourcecode.c.objc; path = ViewController.m; sourceTree = "<group>"; };
		AA71C3F423AB83A200F24220 /* Base */ = {isa = PBXFileReference; lastKnownFileType = file.storyboard; name = Base; path = Base.lproj/Main.storyboard; sourceTree = "<group>"; };
		AA71C3F623AB83A300F24220 /* Assets.xcassets */ = {isa = PBXFileReference; lastKnownFileType = folder.assetcatalog; path = Assets.xcassets; sourceTree = "<group>"; };
		AA71C3F923AB83A300F24220 /* Base */ = {isa = PBXFileReference; lastKnownFileType = file.storyboard; name = Base; path = Base.lproj/LaunchScreen.storyboard; sourceTree = "<group>"; };
		AA71C3FB23AB83A300F24220 /* Info.plist */ = {isa = PBXFileReference; lastKnownFileType = text.plist.xml; path = Info.plist; sourceTree = "<group>"; };
		AA71C3FC23AB83A300F24220 /* main.m */ = {isa = PBXFileReference; lastKnownFileType = sourcecode.c.objc; path = main.m; sourceTree = "<group>"; };
		AA71C40223AB83A400F24220 /* GLKit_04Tests.xctest */ = {isa = PBXFileReference; explicitFileType = wrapper.cfbundle; includeInIndex = 0; path = GLKit_04Tests.xctest; sourceTree = BUILT_PRODUCTS_DIR; };
		AA71C40623AB83A400F24220 /* GLKit_04Tests.m */ = {isa = PBXFileReference; lastKnownFileType = sourcecode.c.objc; path = GLKit_04Tests.m; sourceTree = "<group>"; };
		AA71C40823AB83A400F24220 /* Info.plist */ = {isa = PBXFileReference; lastKnownFileType = text.plist.xml; path = Info.plist; sourceTree = "<group>"; };
		AA71C40D23AB83A400F24220 /* GLKit_04UITests.xctest */ = {isa = PBXFileReference; explicitFileType = wrapper.cfbundle; includeInIndex = 0; path = GLKit_04UITests.xctest; sourceTree = BUILT_PRODUCTS_DIR; };
		AA71C41123AB83A400F24220 /* GLKit_04UITests.m */ = {isa = PBXFileReference; lastKnownFileType = sourcecode.c.objc; path = GLKit_04UITests.m; sourceTree = "<group>"; };
		AA71C41323AB83A400F24220 /* Info.plist */ = {isa = PBXFileReference; lastKnownFileType = text.plist.xml; path = Info.plist; sourceTree = "<group>"; };
		AA71C41F23AB83B600F24220 /* AGLKContext.m */ = {isa = PBXFileReference; fileEncoding = 4; lastKnownFileType = sourcecode.c.objc; name = AGLKContext.m; path = ../../GLKit_02/GLKit_02/AGLKContext.m; sourceTree = "<group>"; };
		AA71C42023AB83B600F24220 /* AGLVertexAttribArrayBuffer.m */ = {isa = PBXFileReference; fileEncoding = 4; lastKnownFileType = sourcecode.c.objc; name = AGLVertexAttribArrayBuffer.m; path = ../../GLKit_02/GLKit_02/AGLVertexAttribArrayBuffer.m; sourceTree = "<group>"; };
		AA71C42123AB83B600F24220 /* AGLVertexAttribArrayBuffer.h */ = {isa = PBXFileReference; fileEncoding = 4; lastKnownFileType = sourcecode.c.h; name = AGLVertexAttribArrayBuffer.h; path = ../../GLKit_02/GLKit_02/AGLVertexAttribArrayBuffer.h; sourceTree = "<group>"; };
		AA71C42223AB83B600F24220 /* AGLKContext.h */ = {isa = PBXFileReference; fileEncoding = 4; lastKnownFileType = sourcecode.c.h; name = AGLKContext.h; path = ../../GLKit_02/GLKit_02/AGLKContext.h; sourceTree = "<group>"; };
		AA71C42523AB841100F24220 /* beetle.png */ = {isa = PBXFileReference; lastKnownFileType = image.png; path = beetle.png; sourceTree = "<group>"; };
		AA71C42723AB841600F24220 /* leaves.gif */ = {isa = PBXFileReference; lastKnownFileType = image.gif; path = leaves.gif; sourceTree = "<group>"; };
/* End PBXFileReference section */

/* Begin PBXFrameworksBuildPhase section */
		AA71C3E423AB83A200F24220 /* Frameworks */ = {
			isa = PBXFrameworksBuildPhase;
			buildActionMask = 2147483647;
			files = (
			);
			runOnlyForDeploymentPostprocessing = 0;
		};
		AA71C3FF23AB83A400F24220 /* Frameworks */ = {
			isa = PBXFrameworksBuildPhase;
			buildActionMask = 2147483647;
			files = (
			);
			runOnlyForDeploymentPostprocessing = 0;
		};
		AA71C40A23AB83A400F24220 /* Frameworks */ = {
			isa = PBXFrameworksBuildPhase;
			buildActionMask = 2147483647;
			files = (
			);
			runOnlyForDeploymentPostprocessing = 0;
		};
/* End PBXFrameworksBuildPhase section */

/* Begin PBXGroup section */
		AA71C3DE23AB83A200F24220 = {
			isa = PBXGroup;
			children = (
				AA71C3E923AB83A200F24220 /* GLKit_04 */,
				AA71C40523AB83A400F24220 /* GLKit_04Tests */,
				AA71C41023AB83A400F24220 /* GLKit_04UITests */,
				AA71C3E823AB83A200F24220 /* Products */,
			);
			sourceTree = "<group>";
		};
		AA71C3E823AB83A200F24220 /* Products */ = {
			isa = PBXGroup;
			children = (
				AA71C3E723AB83A200F24220 /* GLKit_04.app */,
				AA71C40223AB83A400F24220 /* GLKit_04Tests.xctest */,
				AA71C40D23AB83A400F24220 /* GLKit_04UITests.xctest */,
			);
			name = Products;
			sourceTree = "<group>";
		};
		AA71C3E923AB83A200F24220 /* GLKit_04 */ = {
			isa = PBXGroup;
			children = (
				AA71C42523AB841100F24220 /* beetle.png */,
				AA71C42723AB841600F24220 /* leaves.gif */,
				AA71C42223AB83B600F24220 /* AGLKContext.h */,
				AA71C41F23AB83B600F24220 /* AGLKContext.m */,
				AA71C42123AB83B600F24220 /* AGLVertexAttribArrayBuffer.h */,
				AA71C42023AB83B600F24220 /* AGLVertexAttribArrayBuffer.m */,
				AA71C3EA23AB83A200F24220 /* AppDelegate.h */,
				AA71C3EB23AB83A200F24220 /* AppDelegate.m */,
				AA71C3ED23AB83A200F24220 /* SceneDelegate.h */,
				AA71C3EE23AB83A200F24220 /* SceneDelegate.m */,
				AA71C3F023AB83A200F24220 /* ViewController.h */,
				AA71C3F123AB83A200F24220 /* ViewController.m */,
				AA71C3F323AB83A200F24220 /* Main.storyboard */,
				AA71C3F623AB83A300F24220 /* Assets.xcassets */,
				AA71C3F823AB83A300F24220 /* LaunchScreen.storyboard */,
				AA71C3FB23AB83A300F24220 /* Info.plist */,
				AA71C3FC23AB83A300F24220 /* main.m */,
			);
			path = GLKit_04;
			sourceTree = "<group>";
		};
		AA71C40523AB83A400F24220 /* GLKit_04Tests */ = {
			isa = PBXGroup;
			children = (
				AA71C40623AB83A400F24220 /* GLKit_04Tests.m */,
				AA71C40823AB83A400F24220 /* Info.plist */,
			);
			path = GLKit_04Tests;
			sourceTree = "<group>";
		};
		AA71C41023AB83A400F24220 /* GLKit_04UITests */ = {
			isa = PBXGroup;
			children = (
				AA71C41123AB83A400F24220 /* GLKit_04UITests.m */,
				AA71C41323AB83A400F24220 /* Info.plist */,
			);
			path = GLKit_04UITests;
			sourceTree = "<group>";
		};
/* End PBXGroup section */

/* Begin PBXNativeTarget section */
		AA71C3E623AB83A200F24220 /* GLKit_04 */ = {
			isa = PBXNativeTarget;
			buildConfigurationList = AA71C41623AB83A400F24220 /* Build configuration list for PBXNativeTarget "GLKit_04" */;
			buildPhases = (
				AA71C3E323AB83A200F24220 /* Sources */,
				AA71C3E423AB83A200F24220 /* Frameworks */,
				AA71C3E523AB83A200F24220 /* Resources */,
			);
			buildRules = (
			);
			dependencies = (
			);
			name = GLKit_04;
			productName = GLKit_04;
			productReference = AA71C3E723AB83A200F24220 /* GLKit_04.app */;
			productType = "com.apple.product-type.application";
		};
		AA71C40123AB83A400F24220 /* GLKit_04Tests */ = {
			isa = PBXNativeTarget;
			buildConfigurationList = AA71C41923AB83A400F24220 /* Build configuration list for PBXNativeTarget "GLKit_04Tests" */;
			buildPhases = (
				AA71C3FE23AB83A400F24220 /* Sources */,
				AA71C3FF23AB83A400F24220 /* Frameworks */,
				AA71C40023AB83A400F24220 /* Resources */,
			);
			buildRules = (
			);
			dependencies = (
				AA71C40423AB83A400F24220 /* PBXTargetDependency */,
			);
			name = GLKit_04Tests;
			productName = GLKit_04Tests;
			productReference = AA71C40223AB83A400F24220 /* GLKit_04Tests.xctest */;
			productType = "com.apple.product-type.bundle.unit-test";
		};
		AA71C40C23AB83A400F24220 /* GLKit_04UITests */ = {
			isa = PBXNativeTarget;
			buildConfigurationList = AA71C41C23AB83A400F24220 /* Build configuration list for PBXNativeTarget "GLKit_04UITests" */;
			buildPhases = (
				AA71C40923AB83A400F24220 /* Sources */,
				AA71C40A23AB83A400F24220 /* Frameworks */,
				AA71C40B23AB83A400F24220 /* Resources */,
			);
			buildRules = (
			);
			dependencies = (
				AA71C40F23AB83A400F24220 /* PBXTargetDependency */,
			);
			name = GLKit_04UITests;
			productName = GLKit_04UITests;
			productReference = AA71C40D23AB83A400F24220 /* GLKit_04UITests.xctest */;
			productType = "com.apple.product-type.bundle.ui-testing";
		};
/* End PBXNativeTarget section */

/* Begin PBXProject section */
		AA71C3DF23AB83A200F24220 /* Project object */ = {
			isa = PBXProject;
			attributes = {
				LastUpgradeCheck = 1120;
				ORGANIZATIONNAME = ucloud;
				TargetAttributes = {
					AA71C3E623AB83A200F24220 = {
						CreatedOnToolsVersion = 11.2.1;
					};
					AA71C40123AB83A400F24220 = {
						CreatedOnToolsVersion = 11.2.1;
						TestTargetID = AA71C3E623AB83A200F24220;
					};
					AA71C40C23AB83A400F24220 = {
						CreatedOnToolsVersion = 11.2.1;
						TestTargetID = AA71C3E623AB83A200F24220;
					};
				};
			};
			buildConfigurationList = AA71C3E223AB83A200F24220 /* Build configuration list for PBXProject "GLKit_04" */;
			compatibilityVersion = "Xcode 9.3";
			developmentRegion = en;
			hasScannedForEncodings = 0;
			knownRegions = (
				en,
				Base,
			);
			mainGroup = AA71C3DE23AB83A200F24220;
			productRefGroup = AA71C3E823AB83A200F24220 /* Products */;
			projectDirPath = "";
			projectRoot = "";
			targets = (
				AA71C3E623AB83A200F24220 /* GLKit_04 */,
				AA71C40123AB83A400F24220 /* GLKit_04Tests */,
				AA71C40C23AB83A400F24220 /* GLKit_04UITests */,
			);
		};
/* End PBXProject section */

/* Begin PBXResourcesBuildPhase section */
		AA71C3E523AB83A200F24220 /* Resources */ = {
			isa = PBXResourcesBuildPhase;
			buildActionMask = 2147483647;
			files = (
				AA71C3FA23AB83A300F24220 /* LaunchScreen.storyboard in Resources */,
				AA71C42823AB841600F24220 /* leaves.gif in Resources */,
				AA71C3F723AB83A300F24220 /* Assets.xcassets in Resources */,
				AA71C42623AB841100F24220 /* beetle.png in Resources */,
				AA71C3F523AB83A200F24220 /* Main.storyboard in Resources */,
			);
			runOnlyForDeploymentPostprocessing = 0;
		};
		AA71C40023AB83A400F24220 /* Resources */ = {
			isa = PBXResourcesBuildPhase;
			buildActionMask = 2147483647;
			files = (
			);
			runOnlyForDeploymentPostprocessing = 0;
		};
		AA71C40B23AB83A400F24220 /* Resources */ = {
			isa = PBXResourcesBuildPhase;
			buildActionMask = 2147483647;
			files = (
			);
			runOnlyForDeploymentPostprocessing = 0;
		};
/* End PBXResourcesBuildPhase section */

/* Begin PBXSourcesBuildPhase section */
		AA71C3E323AB83A200F24220 /* Sources */ = {
			isa = PBXSourcesBuildPhase;
			buildActionMask = 2147483647;
			files = (
				AA71C42423AB83B600F24220 /* AGLVertexAttribArrayBuffer.m in Sources */,
				AA71C42323AB83B600F24220 /* AGLKContext.m in Sources */,
				AA71C3F223AB83A200F24220 /* ViewController.m in Sources */,
				AA71C3EC23AB83A200F24220 /* AppDelegate.m in Sources */,
				AA71C3FD23AB83A300F24220 /* main.m in Sources */,
				AA71C3EF23AB83A200F24220 /* SceneDelegate.m in Sources */,
			);
			runOnlyForDeploymentPostprocessing = 0;
		};
		AA71C3FE23AB83A400F24220 /* Sources */ = {
			isa = PBXSourcesBuildPhase;
			buildActionMask = 2147483647;
			files = (
				AA71C40723AB83A400F24220 /* GLKit_04Tests.m in Sources */,
			);
			runOnlyForDeploymentPostprocessing = 0;
		};
		AA71C40923AB83A400F24220 /* Sources */ = {
			isa = PBXSourcesBuildPhase;
			buildActionMask = 2147483647;
			files = (
				AA71C41223AB83A400F24220 /* GLKit_04UITests.m in Sources */,
			);
			runOnlyForDeploymentPostprocessing = 0;
		};
/* End PBXSourcesBuildPhase section */

/* Begin PBXTargetDependency section */
		AA71C40423AB83A400F24220 /* PBXTargetDependency */ = {
			isa = PBXTargetDependency;
			target = AA71C3E623AB83A200F24220 /* GLKit_04 */;
			targetProxy = AA71C40323AB83A400F24220 /* PBXContainerItemProxy */;
		};
		AA71C40F23AB83A400F24220 /* PBXTargetDependency */ = {
			isa = PBXTargetDependency;
			target = AA71C3E623AB83A200F24220 /* GLKit_04 */;
			targetProxy = AA71C40E23AB83A400F24220 /* PBXContainerItemProxy */;
		};
/* End PBXTargetDependency section */

/* Begin PBXVariantGroup section */
		AA71C3F323AB83A200F24220 /* Main.storyboard */ = {
			isa = PBXVariantGroup;
			children = (
				AA71C3F423AB83A200F24220 /* Base */,
			);
			name = Main.storyboard;
			sourceTree = "<group>";
		};
		AA71C3F823AB83A300F24220 /* LaunchScreen.storyboard */ = {
			isa = PBXVariantGroup;
			children = (
				AA71C3F923AB83A300F24220 /* Base */,
			);
			name = LaunchScreen.storyboard;
			sourceTree = "<group>";
		};
/* End PBXVariantGroup section */

/* Begin XCBuildConfiguration section */
		AA71C41423AB83A400F24220 /* Debug */ = {
			isa = XCBuildConfiguration;
			buildSettings = {
				ALWAYS_SEARCH_USER_PATHS = NO;
				CLANG_ANALYZER_NONNULL = YES;
				CLANG_ANALYZER_NUMBER_OBJECT_CONVERSION = YES_AGGRESSIVE;
				CLANG_CXX_LANGUAGE_STANDARD = "gnu++14";
				CLANG_CXX_LIBRARY = "libc++";
				CLANG_ENABLE_MODULES = YES;
				CLANG_ENABLE_OBJC_ARC = YES;
				CLANG_ENABLE_OBJC_WEAK = YES;
				CLANG_WARN_BLOCK_CAPTURE_AUTORELEASING = YES;
				CLANG_WARN_BOOL_CONVERSION = YES;
				CLANG_WARN_COMMA = YES;
				CLANG_WARN_CONSTANT_CONVERSION = YES;
				CLANG_WARN_DEPRECATED_OBJC_IMPLEMENTATIONS = YES;
				CLANG_WARN_DIRECT_OBJC_ISA_USAGE = YES_ERROR;
				CLANG_WARN_DOCUMENTATION_COMMENTS = YES;
				CLANG_WARN_EMPTY_BODY = YES;
				CLANG_WARN_ENUM_CONVERSION = YES;
				CLANG_WARN_INFINITE_RECURSION = YES;
				CLANG_WARN_INT_CONVERSION = YES;
				CLANG_WARN_NON_LITERAL_NULL_CONVERSION = YES;
				CLANG_WARN_OBJC_IMPLICIT_RETAIN_SELF = YES;
				CLANG_WARN_OBJC_LITERAL_CONVERSION = YES;
				CLANG_WARN_OBJC_ROOT_CLASS = YES_ERROR;
				CLANG_WARN_RANGE_LOOP_ANALYSIS = YES;
				CLANG_WARN_STRICT_PROTOTYPES = YES;
				CLANG_WARN_SUSPICIOUS_MOVE = YES;
				CLANG_WARN_UNGUARDED_AVAILABILITY = YES_AGGRESSIVE;
				CLANG_WARN_UNREACHABLE_CODE = YES;
				CLANG_WARN__DUPLICATE_METHOD_MATCH = YES;
				COPY_PHASE_STRIP = NO;
				DEBUG_INFORMATION_FORMAT = dwarf;
				ENABLE_STRICT_OBJC_MSGSEND = YES;
				ENABLE_TESTABILITY = YES;
				GCC_C_LANGUAGE_STANDARD = gnu11;
				GCC_DYNAMIC_NO_PIC = NO;
				GCC_NO_COMMON_BLOCKS = YES;
				GCC_OPTIMIZATION_LEVEL = 0;
				GCC_PREPROCESSOR_DEFINITIONS = (
					"DEBUG=1",
					"$(inherited)",
				);
				GCC_WARN_64_TO_32_BIT_CONVERSION = YES;
				GCC_WARN_ABOUT_RETURN_TYPE = YES_ERROR;
				GCC_WARN_UNDECLARED_SELECTOR = YES;
				GCC_WARN_UNINITIALIZED_AUTOS = YES_AGGRESSIVE;
				GCC_WARN_UNUSED_FUNCTION = YES;
				GCC_WARN_UNUSED_VARIABLE = YES;
				IPHONEOS_DEPLOYMENT_TARGET = 13.2;
				MTL_ENABLE_DEBUG_INFO = INCLUDE_SOURCE;
				MTL_FAST_MATH = YES;
				ONLY_ACTIVE_ARCH = YES;
				SDKROOT = iphoneos;
			};
			name = Debug;
		};
		AA71C41523AB83A400F24220 /* Release */ = {
			isa = XCBuildConfiguration;
			buildSettings = {
				ALWAYS_SEARCH_USER_PATHS = NO;
				CLANG_ANALYZER_NONNULL = YES;
				CLANG_ANALYZER_NUMBER_OBJECT_CONVERSION = YES_AGGRESSIVE;
				CLANG_CXX_LANGUAGE_STANDARD = "gnu++14";
				CLANG_CXX_LIBRARY = "libc++";
				CLANG_ENABLE_MODULES = YES;
				CLANG_ENABLE_OBJC_ARC = YES;
				CLANG_ENABLE_OBJC_WEAK = YES;
				CLANG_WARN_BLOCK_CAPTURE_AUTORELEASING = YES;
				CLANG_WARN_BOOL_CONVERSION = YES;
				CLANG_WARN_COMMA = YES;
				CLANG_WARN_CONSTANT_CONVERSION = YES;
				CLANG_WARN_DEPRECATED_OBJC_IMPLEMENTATIONS = YES;
				CLANG_WARN_DIRECT_OBJC_ISA_USAGE = YES_ERROR;
				CLANG_WARN_DOCUMENTATION_COMMENTS = YES;
				CLANG_WARN_EMPTY_BODY = YES;
				CLANG_WARN_ENUM_CONVERSION = YES;
				CLANG_WARN_INFINITE_RECURSION = YES;
				CLANG_WARN_INT_CONVERSION = YES;
				CLANG_WARN_NON_LITERAL_NULL_CONVERSION = YES;
				CLANG_WARN_OBJC_IMPLICIT_RETAIN_SELF = YES;
				CLANG_WARN_OBJC_LITERAL_CONVERSION = YES;
				CLANG_WARN_OBJC_ROOT_CLASS = YES_ERROR;
				CLANG_WARN_RANGE_LOOP_ANALYSIS = YES;
				CLANG_WARN_STRICT_PROTOTYPES = YES;
				CLANG_WARN_SUSPICIOUS_MOVE = YES;
				CLANG_WARN_UNGUARDED_AVAILABILITY = YES_AGGRESSIVE;
				CLANG_WARN_UNREACHABLE_CODE = YES;
				CLANG_WARN__DUPLICATE_METHOD_MATCH = YES;
				COPY_PHASE_STRIP = NO;
				DEBUG_INFORMATION_FORMAT = "dwarf-with-dsym";
				ENABLE_NS_ASSERTIONS = NO;
				ENABLE_STRICT_OBJC_MSGSEND = YES;
				GCC_C_LANGUAGE_STANDARD = gnu11;
				GCC_NO_COMMON_BLOCKS = YES;
				GCC_WARN_64_TO_32_BIT_CONVERSION = YES;
				GCC_WARN_ABOUT_RETURN_TYPE = YES_ERROR;
				GCC_WARN_UNDECLARED_SELECTOR = YES;
				GCC_WARN_UNINITIALIZED_AUTOS = YES_AGGRESSIVE;
				GCC_WARN_UNUSED_FUNCTION = YES;
				GCC_WARN_UNUSED_VARIABLE = YES;
				IPHONEOS_DEPLOYMENT_TARGET = 13.2;
				MTL_ENABLE_DEBUG_INFO = NO;
				MTL_FAST_MATH = YES;
				SDKROOT = iphoneos;
				VALIDATE_PRODUCT = YES;
			};
			name = Release;
		};
		AA71C41723AB83A400F24220 /* Debug */ = {
			isa = XCBuildConfiguration;
			buildSettings = {
				ASSETCATALOG_COMPILER_APPICON_NAME = AppIcon;
				CODE_SIGN_STYLE = Automatic;
				DEVELOPMENT_TEAM = CFP9KY4MGC;
				INFOPLIST_FILE = GLKit_04/Info.plist;
				IPHONEOS_DEPLOYMENT_TARGET = 10.2;
				LD_RUNPATH_SEARCH_PATHS = (
					"$(inherited)",
					"@executable_path/Frameworks",
				);
				PRODUCT_BUNDLE_IDENTIFIER = "cn.ucloud.GLKit-04";
				PRODUCT_NAME = "$(TARGET_NAME)";
				TARGETED_DEVICE_FAMILY = "1,2";
			};
			name = Debug;
		};
		AA71C41823AB83A400F24220 /* Release */ = {
			isa = XCBuildConfiguration;
			buildSettings = {
				ASSETCATALOG_COMPILER_APPICON_NAME = AppIcon;
				CODE_SIGN_STYLE = Automatic;
				DEVELOPMENT_TEAM = CFP9KY4MGC;
				INFOPLIST_FILE = GLKit_04/Info.plist;
				IPHONEOS_DEPLOYMENT_TARGET = 10.2;
				LD_RUNPATH_SEARCH_PATHS = (
					"$(inherited)",
					"@executable_path/Frameworks",
				);
				PRODUCT_BUNDLE_IDENTIFIER = "cn.ucloud.GLKit-04";
				PRODUCT_NAME = "$(TARGET_NAME)";
				TARGETED_DEVICE_FAMILY = "1,2";
			};
			name = Release;
		};
		AA71C41A23AB83A400F24220 /* Debug */ = {
			isa = XCBuildConfiguration;
			buildSettings = {
				BUNDLE_LOADER = "$(TEST_HOST)";
				CODE_SIGN_STYLE = Automatic;
				DEVELOPMENT_TEAM = CFP9KY4MGC;
				INFOPLIST_FILE = GLKit_04Tests/Info.plist;
				IPHONEOS_DEPLOYMENT_TARGET = 13.2;
				LD_RUNPATH_SEARCH_PATHS = (
					"$(inherited)",
					"@executable_path/Frameworks",
					"@loader_path/Frameworks",
				);
				PRODUCT_BUNDLE_IDENTIFIER = "cn.ucloud.GLKit-04Tests";
				PRODUCT_NAME = "$(TARGET_NAME)";
				TARGETED_DEVICE_FAMILY = "1,2";
				TEST_HOST = "$(BUILT_PRODUCTS_DIR)/GLKit_04.app/GLKit_04";
			};
			name = Debug;
		};
		AA71C41B23AB83A400F24220 /* Release */ = {
			isa = XCBuildConfiguration;
			buildSettings = {
				BUNDLE_LOADER = "$(TEST_HOST)";
				CODE_SIGN_STYLE = Automatic;
				DEVELOPMENT_TEAM = CFP9KY4MGC;
				INFOPLIST_FILE = GLKit_04Tests/Info.plist;
				IPHONEOS_DEPLOYMENT_TARGET = 13.2;
				LD_RUNPATH_SEARCH_PATHS = (
					"$(inherited)",
					"@executable_path/Frameworks",
					"@loader_path/Frameworks",
				);
				PRODUCT_BUNDLE_IDENTIFIER = "cn.ucloud.GLKit-04Tests";
				PRODUCT_NAME = "$(TARGET_NAME)";
				TARGETED_DEVICE_FAMILY = "1,2";
				TEST_HOST = "$(BUILT_PRODUCTS_DIR)/GLKit_04.app/GLKit_04";
			};
			name = Release;
		};
		AA71C41D23AB83A400F24220 /* Debug */ = {
			isa = XCBuildConfiguration;
			buildSettings = {
				CODE_SIGN_STYLE = Automatic;
				DEVELOPMENT_TEAM = CFP9KY4MGC;
				INFOPLIST_FILE = GLKit_04UITests/Info.plist;
				LD_RUNPATH_SEARCH_PATHS = (
					"$(inherited)",
					"@executable_path/Frameworks",
					"@loader_path/Frameworks",
				);
				PRODUCT_BUNDLE_IDENTIFIER = "cn.ucloud.GLKit-04UITests";
				PRODUCT_NAME = "$(TARGET_NAME)";
				TARGETED_DEVICE_FAMILY = "1,2";
				TEST_TARGET_NAME = GLKit_04;
			};
			name = Debug;
		};
		AA71C41E23AB83A400F24220 /* Release */ = {
			isa = XCBuildConfiguration;
			buildSettings = {
				CODE_SIGN_STYLE = Automatic;
				DEVELOPMENT_TEAM = CFP9KY4MGC;
				INFOPLIST_FILE = GLKit_04UITests/Info.plist;
				LD_RUNPATH_SEARCH_PATHS = (
					"$(inherited)",
					"@executable_path/Frameworks",
					"@loader_path/Frameworks",
				);
				PRODUCT_BUNDLE_IDENTIFIER = "cn.ucloud.GLKit-04UITests";
				PRODUCT_NAME = "$(TARGET_NAME)";
				TARGETED_DEVICE_FAMILY = "1,2";
				TEST_TARGET_NAME = GLKit_04;
			};
			name = Release;
		};
/* End XCBuildConfiguration section */

/* Begin XCConfigurationList section */
		AA71C3E223AB83A200F24220 /* Build configuration list for PBXProject "GLKit_04" */ = {
			isa = XCConfigurationList;
			buildConfigurations = (
				AA71C41423AB83A400F24220 /* Debug */,
				AA71C41523AB83A400F24220 /* Release */,
			);
			defaultConfigurationIsVisible = 0;
			defaultConfigurationName = Release;
		};
		AA71C41623AB83A400F24220 /* Build configuration list for PBXNativeTarget "GLKit_04" */ = {
			isa = XCConfigurationList;
			buildConfigurations = (
				AA71C41723AB83A400F24220 /* Debug */,
				AA71C41823AB83A400F24220 /* Release */,
			);
			defaultConfigurationIsVisible = 0;
			defaultConfigurationName = Release;
		};
		AA71C41923AB83A400F24220 /* Build configuration list for PBXNativeTarget "GLKit_04Tests" */ = {
			isa = XCConfigurationList;
			buildConfigurations = (
				AA71C41A23AB83A400F24220 /* Debug */,
				AA71C41B23AB83A400F24220 /* Release */,
			);
			defaultConfigurationIsVisible = 0;
			defaultConfigurationName = Release;
		};
		AA71C41C23AB83A400F24220 /* Build configuration list for PBXNativeTarget "GLKit_04UITests" */ = {
			isa = XCConfigurationList;
			buildConfigurations = (
				AA71C41D23AB83A400F24220 /* Debug */,
				AA71C41E23AB83A400F24220 /* Release */,
			);
			defaultConfigurationIsVisible = 0;
			defaultConfigurationName = Release;
		};
/* End XCConfigurationList section */
	};
	rootObject = AA71C3DF23AB83A200F24220 /* Project object */;
}
