// !$*UTF8*$!
{
	archiveVersion = 1;
	classes = {
	};
	objectVersion = 50;
	objects = {

/* Begin PBXBuildFile section */
		AA7C9B162316525F0036EF14 /* AppDelegate.m in Sources */ = {isa = PBXBuildFile; fileRef = AA7C9B152316525F0036EF14 /* AppDelegate.m */; };
		AA7C9B192316525F0036EF14 /* ViewController.m in Sources */ = {isa = PBXBuildFile; fileRef = AA7C9B182316525F0036EF14 /* ViewController.m */; };
		AA7C9B1C2316525F0036EF14 /* Main.storyboard in Resources */ = {isa = PBXBuildFile; fileRef = AA7C9B1A2316525F0036EF14 /* Main.storyboard */; };
		AA7C9B1E231652620036EF14 /* Assets.xcassets in Resources */ = {isa = PBXBuildFile; fileRef = AA7C9B1D231652620036EF14 /* Assets.xcassets */; };
		AA7C9B21231652620036EF14 /* LaunchScreen.storyboard in Resources */ = {isa = PBXBuildFile; fileRef = AA7C9B1F231652620036EF14 /* LaunchScreen.storyboard */; };
		AA7C9B24231652620036EF14 /* main.m in Sources */ = {isa = PBXBuildFile; fileRef = AA7C9B23231652620036EF14 /* main.m */; };
		AA7C9B2E231652620036EF14 /* OpenGL_02Tests.m in Sources */ = {isa = PBXBuildFile; fileRef = AA7C9B2D231652620036EF14 /* OpenGL_02Tests.m */; };
		AA7C9B39231652620036EF14 /* OpenGL_02UITests.m in Sources */ = {isa = PBXBuildFile; fileRef = AA7C9B38231652620036EF14 /* OpenGL_02UITests.m */; };
		AA7C9B54231653EF0036EF14 /* VertexShader.glsl in Resources */ = {isa = PBXBuildFile; fileRef = AA7C9B52231653EF0036EF14 /* VertexShader.glsl */; };
		AA7C9B55231653EF0036EF14 /* FragmentShader.glsl in Resources */ = {isa = PBXBuildFile; fileRef = AA7C9B53231653EF0036EF14 /* FragmentShader.glsl */; };
		AA7C9B5B231654650036EF14 /* GLView.m in Sources */ = {isa = PBXBuildFile; fileRef = AA7C9B5A231654650036EF14 /* GLView.m */; };
/* End PBXBuildFile section */

/* Begin PBXContainerItemProxy section */
		AA7C9B2A231652620036EF14 /* PBXContainerItemProxy */ = {
			isa = PBXContainerItemProxy;
			containerPortal = AA7C9B092316525F0036EF14 /* Project object */;
			proxyType = 1;
			remoteGlobalIDString = AA7C9B102316525F0036EF14;
			remoteInfo = OpenGL_02;
		};
		AA7C9B35231652620036EF14 /* PBXContainerItemProxy */ = {
			isa = PBXContainerItemProxy;
			containerPortal = AA7C9B092316525F0036EF14 /* Project object */;
			proxyType = 1;
			remoteGlobalIDString = AA7C9B102316525F0036EF14;
			remoteInfo = OpenGL_02;
		};
/* End PBXContainerItemProxy section */

/* Begin PBXFileReference section */
		AA7C9B112316525F0036EF14 /* OpenGL_02.app */ = {isa = PBXFileReference; explicitFileType = wrapper.application; includeInIndex = 0; path = OpenGL_02.app; sourceTree = BUILT_PRODUCTS_DIR; };
		AA7C9B142316525F0036EF14 /* AppDelegate.h */ = {isa = PBXFileReference; lastKnownFileType = sourcecode.c.h; path = AppDelegate.h; sourceTree = "<group>"; };
		AA7C9B152316525F0036EF14 /* AppDelegate.m */ = {isa = PBXFileReference; lastKnownFileType = sourcecode.c.objc; path = AppDelegate.m; sourceTree = "<group>"; };
		AA7C9B172316525F0036EF14 /* ViewController.h */ = {isa = PBXFileReference; lastKnownFileType = sourcecode.c.h; path = ViewController.h; sourceTree = "<group>"; };
		AA7C9B182316525F0036EF14 /* ViewController.m */ = {isa = PBXFileReference; lastKnownFileType = sourcecode.c.objc; path = ViewController.m; sourceTree = "<group>"; };
		AA7C9B1B2316525F0036EF14 /* Base */ = {isa = PBXFileReference; lastKnownFileType = file.storyboard; name = Base; path = Base.lproj/Main.storyboard; sourceTree = "<group>"; };
		AA7C9B1D231652620036EF14 /* Assets.xcassets */ = {isa = PBXFileReference; lastKnownFileType = folder.assetcatalog; path = Assets.xcassets; sourceTree = "<group>"; };
		AA7C9B20231652620036EF14 /* Base */ = {isa = PBXFileReference; lastKnownFileType = file.storyboard; name = Base; path = Base.lproj/LaunchScreen.storyboard; sourceTree = "<group>"; };
		AA7C9B22231652620036EF14 /* Info.plist */ = {isa = PBXFileReference; lastKnownFileType = text.plist.xml; path = Info.plist; sourceTree = "<group>"; };
		AA7C9B23231652620036EF14 /* main.m */ = {isa = PBXFileReference; lastKnownFileType = sourcecode.c.objc; path = main.m; sourceTree = "<group>"; };
		AA7C9B29231652620036EF14 /* OpenGL_02Tests.xctest */ = {isa = PBXFileReference; explicitFileType = wrapper.cfbundle; includeInIndex = 0; path = OpenGL_02Tests.xctest; sourceTree = BUILT_PRODUCTS_DIR; };
		AA7C9B2D231652620036EF14 /* OpenGL_02Tests.m */ = {isa = PBXFileReference; lastKnownFileType = sourcecode.c.objc; path = OpenGL_02Tests.m; sourceTree = "<group>"; };
		AA7C9B2F231652620036EF14 /* Info.plist */ = {isa = PBXFileReference; lastKnownFileType = text.plist.xml; path = Info.plist; sourceTree = "<group>"; };
		AA7C9B34231652620036EF14 /* OpenGL_02UITests.xctest */ = {isa = PBXFileReference; explicitFileType = wrapper.cfbundle; includeInIndex = 0; path = OpenGL_02UITests.xctest; sourceTree = BUILT_PRODUCTS_DIR; };
		AA7C9B38231652620036EF14 /* OpenGL_02UITests.m */ = {isa = PBXFileReference; lastKnownFileType = sourcecode.c.objc; path = OpenGL_02UITests.m; sourceTree = "<group>"; };
		AA7C9B3A231652620036EF14 /* Info.plist */ = {isa = PBXFileReference; lastKnownFileType = text.plist.xml; path = Info.plist; sourceTree = "<group>"; };
		AA7C9B52231653EF0036EF14 /* VertexShader.glsl */ = {isa = PBXFileReference; fileEncoding = 4; lastKnownFileType = text; path = VertexShader.glsl; sourceTree = "<group>"; };
		AA7C9B53231653EF0036EF14 /* FragmentShader.glsl */ = {isa = PBXFileReference; fileEncoding = 4; lastKnownFileType = text; path = FragmentShader.glsl; sourceTree = "<group>"; };
		AA7C9B59231654640036EF14 /* GLView.h */ = {isa = PBXFileReference; fileEncoding = 4; lastKnownFileType = sourcecode.c.h; path = GLView.h; sourceTree = "<group>"; };
		AA7C9B5A231654650036EF14 /* GLView.m */ = {isa = PBXFileReference; fileEncoding = 4; lastKnownFileType = sourcecode.c.objc; path = GLView.m; sourceTree = "<group>"; };
/* End PBXFileReference section */

/* Begin PBXFrameworksBuildPhase section */
		AA7C9B0E2316525F0036EF14 /* Frameworks */ = {
			isa = PBXFrameworksBuildPhase;
			buildActionMask = 2147483647;
			files = (
			);
			runOnlyForDeploymentPostprocessing = 0;
		};
		AA7C9B26231652620036EF14 /* Frameworks */ = {
			isa = PBXFrameworksBuildPhase;
			buildActionMask = 2147483647;
			files = (
			);
			runOnlyForDeploymentPostprocessing = 0;
		};
		AA7C9B31231652620036EF14 /* Frameworks */ = {
			isa = PBXFrameworksBuildPhase;
			buildActionMask = 2147483647;
			files = (
			);
			runOnlyForDeploymentPostprocessing = 0;
		};
/* End PBXFrameworksBuildPhase section */

/* Begin PBXGroup section */
		AA7C9B082316525F0036EF14 = {
			isa = PBXGroup;
			children = (
				AA7C9B132316525F0036EF14 /* OpenGL_02 */,
				AA7C9B2C231652620036EF14 /* OpenGL_02Tests */,
				AA7C9B37231652620036EF14 /* OpenGL_02UITests */,
				AA7C9B122316525F0036EF14 /* Products */,
			);
			sourceTree = "<group>";
		};
		AA7C9B122316525F0036EF14 /* Products */ = {
			isa = PBXGroup;
			children = (
				AA7C9B112316525F0036EF14 /* OpenGL_02.app */,
				AA7C9B29231652620036EF14 /* OpenGL_02Tests.xctest */,
				AA7C9B34231652620036EF14 /* OpenGL_02UITests.xctest */,
			);
			name = Products;
			sourceTree = "<group>";
		};
		AA7C9B132316525F0036EF14 /* OpenGL_02 */ = {
			isa = PBXGroup;
			children = (
				AA7C9B51231653D90036EF14 /* shaders */,
				AA7C9B142316525F0036EF14 /* AppDelegate.h */,
				AA7C9B152316525F0036EF14 /* AppDelegate.m */,
				AA7C9B59231654640036EF14 /* GLView.h */,
				AA7C9B5A231654650036EF14 /* GLView.m */,
				AA7C9B172316525F0036EF14 /* ViewController.h */,
				AA7C9B182316525F0036EF14 /* ViewController.m */,
				AA7C9B1A2316525F0036EF14 /* Main.storyboard */,
				AA7C9B1D231652620036EF14 /* Assets.xcassets */,
				AA7C9B1F231652620036EF14 /* LaunchScreen.storyboard */,
				AA7C9B22231652620036EF14 /* Info.plist */,
				AA7C9B23231652620036EF14 /* main.m */,
			);
			path = OpenGL_02;
			sourceTree = "<group>";
		};
		AA7C9B2C231652620036EF14 /* OpenGL_02Tests */ = {
			isa = PBXGroup;
			children = (
				AA7C9B2D231652620036EF14 /* OpenGL_02Tests.m */,
				AA7C9B2F231652620036EF14 /* Info.plist */,
			);
			path = OpenGL_02Tests;
			sourceTree = "<group>";
		};
		AA7C9B37231652620036EF14 /* OpenGL_02UITests */ = {
			isa = PBXGroup;
			children = (
				AA7C9B38231652620036EF14 /* OpenGL_02UITests.m */,
				AA7C9B3A231652620036EF14 /* Info.plist */,
			);
			path = OpenGL_02UITests;
			sourceTree = "<group>";
		};
		AA7C9B51231653D90036EF14 /* shaders */ = {
			isa = PBXGroup;
			children = (
				AA7C9B53231653EF0036EF14 /* FragmentShader.glsl */,
				AA7C9B52231653EF0036EF14 /* VertexShader.glsl */,
			);
			path = shaders;
			sourceTree = "<group>";
		};
/* End PBXGroup section */

/* Begin PBXNativeTarget section */
		AA7C9B102316525F0036EF14 /* OpenGL_02 */ = {
			isa = PBXNativeTarget;
			buildConfigurationList = AA7C9B3D231652620036EF14 /* Build configuration list for PBXNativeTarget "OpenGL_02" */;
			buildPhases = (
				AA7C9B0D2316525F0036EF14 /* Sources */,
				AA7C9B0E2316525F0036EF14 /* Frameworks */,
				AA7C9B0F2316525F0036EF14 /* Resources */,
			);
			buildRules = (
			);
			dependencies = (
			);
			name = OpenGL_02;
			productName = OpenGL_02;
			productReference = AA7C9B112316525F0036EF14 /* OpenGL_02.app */;
			productType = "com.apple.product-type.application";
		};
		AA7C9B28231652620036EF14 /* OpenGL_02Tests */ = {
			isa = PBXNativeTarget;
			buildConfigurationList = AA7C9B40231652620036EF14 /* Build configuration list for PBXNativeTarget "OpenGL_02Tests" */;
			buildPhases = (
				AA7C9B25231652620036EF14 /* Sources */,
				AA7C9B26231652620036EF14 /* Frameworks */,
				AA7C9B27231652620036EF14 /* Resources */,
			);
			buildRules = (
			);
			dependencies = (
				AA7C9B2B231652620036EF14 /* PBXTargetDependency */,
			);
			name = OpenGL_02Tests;
			productName = OpenGL_02Tests;
			productReference = AA7C9B29231652620036EF14 /* OpenGL_02Tests.xctest */;
			productType = "com.apple.product-type.bundle.unit-test";
		};
		AA7C9B33231652620036EF14 /* OpenGL_02UITests */ = {
			isa = PBXNativeTarget;
			buildConfigurationList = AA7C9B43231652620036EF14 /* Build configuration list for PBXNativeTarget "OpenGL_02UITests" */;
			buildPhases = (
				AA7C9B30231652620036EF14 /* Sources */,
				AA7C9B31231652620036EF14 /* Frameworks */,
				AA7C9B32231652620036EF14 /* Resources */,
			);
			buildRules = (
			);
			dependencies = (
				AA7C9B36231652620036EF14 /* PBXTargetDependency */,
			);
			name = OpenGL_02UITests;
			productName = OpenGL_02UITests;
			productReference = AA7C9B34231652620036EF14 /* OpenGL_02UITests.xctest */;
			productType = "com.apple.product-type.bundle.ui-testing";
		};
/* End PBXNativeTarget section */

/* Begin PBXProject section */
		AA7C9B092316525F0036EF14 /* Project object */ = {
			isa = PBXProject;
			attributes = {
				LastUpgradeCheck = 1030;
				ORGANIZATIONNAME = ucloud;
				TargetAttributes = {
					AA7C9B102316525F0036EF14 = {
						CreatedOnToolsVersion = 10.3;
					};
					AA7C9B28231652620036EF14 = {
						CreatedOnToolsVersion = 10.3;
						TestTargetID = AA7C9B102316525F0036EF14;
					};
					AA7C9B33231652620036EF14 = {
						CreatedOnToolsVersion = 10.3;
						TestTargetID = AA7C9B102316525F0036EF14;
					};
				};
			};
			buildConfigurationList = AA7C9B0C2316525F0036EF14 /* Build configuration list for PBXProject "OpenGL_02" */;
			compatibilityVersion = "Xcode 9.3";
			developmentRegion = en;
			hasScannedForEncodings = 0;
			knownRegions = (
				en,
				Base,
			);
			mainGroup = AA7C9B082316525F0036EF14;
			productRefGroup = AA7C9B122316525F0036EF14 /* Products */;
			projectDirPath = "";
			projectRoot = "";
			targets = (
				AA7C9B102316525F0036EF14 /* OpenGL_02 */,
				AA7C9B28231652620036EF14 /* OpenGL_02Tests */,
				AA7C9B33231652620036EF14 /* OpenGL_02UITests */,
			);
		};
/* End PBXProject section */

/* Begin PBXResourcesBuildPhase section */
		AA7C9B0F2316525F0036EF14 /* Resources */ = {
			isa = PBXResourcesBuildPhase;
			buildActionMask = 2147483647;
			files = (
				AA7C9B21231652620036EF14 /* LaunchScreen.storyboard in Resources */,
				AA7C9B1E231652620036EF14 /* Assets.xcassets in Resources */,
				AA7C9B54231653EF0036EF14 /* VertexShader.glsl in Resources */,
				AA7C9B1C2316525F0036EF14 /* Main.storyboard in Resources */,
				AA7C9B55231653EF0036EF14 /* FragmentShader.glsl in Resources */,
			);
			runOnlyForDeploymentPostprocessing = 0;
		};
		AA7C9B27231652620036EF14 /* Resources */ = {
			isa = PBXResourcesBuildPhase;
			buildActionMask = 2147483647;
			files = (
			);
			runOnlyForDeploymentPostprocessing = 0;
		};
		AA7C9B32231652620036EF14 /* Resources */ = {
			isa = PBXResourcesBuildPhase;
			buildActionMask = 2147483647;
			files = (
			);
			runOnlyForDeploymentPostprocessing = 0;
		};
/* End PBXResourcesBuildPhase section */

/* Begin PBXSourcesBuildPhase section */
		AA7C9B0D2316525F0036EF14 /* Sources */ = {
			isa = PBXSourcesBuildPhase;
			buildActionMask = 2147483647;
			files = (
				AA7C9B192316525F0036EF14 /* ViewController.m in Sources */,
				AA7C9B5B231654650036EF14 /* GLView.m in Sources */,
				AA7C9B24231652620036EF14 /* main.m in Sources */,
				AA7C9B162316525F0036EF14 /* AppDelegate.m in Sources */,
			);
			runOnlyForDeploymentPostprocessing = 0;
		};
		AA7C9B25231652620036EF14 /* Sources */ = {
			isa = PBXSourcesBuildPhase;
			buildActionMask = 2147483647;
			files = (
				AA7C9B2E231652620036EF14 /* OpenGL_02Tests.m in Sources */,
			);
			runOnlyForDeploymentPostprocessing = 0;
		};
		AA7C9B30231652620036EF14 /* Sources */ = {
			isa = PBXSourcesBuildPhase;
			buildActionMask = 2147483647;
			files = (
				AA7C9B39231652620036EF14 /* OpenGL_02UITests.m in Sources */,
			);
			runOnlyForDeploymentPostprocessing = 0;
		};
/* End PBXSourcesBuildPhase section */

/* Begin PBXTargetDependency section */
		AA7C9B2B231652620036EF14 /* PBXTargetDependency */ = {
			isa = PBXTargetDependency;
			target = AA7C9B102316525F0036EF14 /* OpenGL_02 */;
			targetProxy = AA7C9B2A231652620036EF14 /* PBXContainerItemProxy */;
		};
		AA7C9B36231652620036EF14 /* PBXTargetDependency */ = {
			isa = PBXTargetDependency;
			target = AA7C9B102316525F0036EF14 /* OpenGL_02 */;
			targetProxy = AA7C9B35231652620036EF14 /* PBXContainerItemProxy */;
		};
/* End PBXTargetDependency section */

/* Begin PBXVariantGroup section */
		AA7C9B1A2316525F0036EF14 /* Main.storyboard */ = {
			isa = PBXVariantGroup;
			children = (
				AA7C9B1B2316525F0036EF14 /* Base */,
			);
			name = Main.storyboard;
			sourceTree = "<group>";
		};
		AA7C9B1F231652620036EF14 /* LaunchScreen.storyboard */ = {
			isa = PBXVariantGroup;
			children = (
				AA7C9B20231652620036EF14 /* Base */,
			);
			name = LaunchScreen.storyboard;
			sourceTree = "<group>";
		};
/* End PBXVariantGroup section */

/* Begin XCBuildConfiguration section */
		AA7C9B3B231652620036EF14 /* Debug */ = {
			isa = XCBuildConfiguration;
			buildSettings = {
				ALWAYS_SEARCH_USER_PATHS = NO;
				CLANG_ANALYZER_NONNULL = YES;
				CLANG_ANALYZER_NUMBER_OBJECT_CONVERSION = YES_AGGRESSIVE;
				CLANG_CXX_LANGUAGE_STANDARD = "gnu++14";
				CLANG_CXX_LIBRARY = "libc++";
				CLANG_ENABLE_MODULES = YES;
				CLANG_ENABLE_OBJC_ARC = YES;
				CLANG_ENABLE_OBJC_WEAK = YES;
				CLANG_WARN_BLOCK_CAPTURE_AUTORELEASING = YES;
				CLANG_WARN_BOOL_CONVERSION = YES;
				CLANG_WARN_COMMA = YES;
				CLANG_WARN_CONSTANT_CONVERSION = YES;
				CLANG_WARN_DEPRECATED_OBJC_IMPLEMENTATIONS = YES;
				CLANG_WARN_DIRECT_OBJC_ISA_USAGE = YES_ERROR;
				CLANG_WARN_DOCUMENTATION_COMMENTS = YES;
				CLANG_WARN_EMPTY_BODY = YES;
				CLANG_WARN_ENUM_CONVERSION = YES;
				CLANG_WARN_INFINITE_RECURSION = YES;
				CLANG_WARN_INT_CONVERSION = YES;
				CLANG_WARN_NON_LITERAL_NULL_CONVERSION = YES;
				CLANG_WARN_OBJC_IMPLICIT_RETAIN_SELF = YES;
				CLANG_WARN_OBJC_LITERAL_CONVERSION = YES;
				CLANG_WARN_OBJC_ROOT_CLASS = YES_ERROR;
				CLANG_WARN_RANGE_LOOP_ANALYSIS = YES;
				CLANG_WARN_STRICT_PROTOTYPES = YES;
				CLANG_WARN_SUSPICIOUS_MOVE = YES;
				CLANG_WARN_UNGUARDED_AVAILABILITY = YES_AGGRESSIVE;
				CLANG_WARN_UNREACHABLE_CODE = YES;
				CLANG_WARN__DUPLICATE_METHOD_MATCH = YES;
				CODE_SIGN_IDENTITY = "iPhone Developer";
				COPY_PHASE_STRIP = NO;
				DEBUG_INFORMATION_FORMAT = dwarf;
				ENABLE_STRICT_OBJC_MSGSEND = YES;
				ENABLE_TESTABILITY = YES;
				GCC_C_LANGUAGE_STANDARD = gnu11;
				GCC_DYNAMIC_NO_PIC = NO;
				GCC_NO_COMMON_BLOCKS = YES;
				GCC_OPTIMIZATION_LEVEL = 0;
				GCC_PREPROCESSOR_DEFINITIONS = (
					"DEBUG=1",
					"$(inherited)",
				);
				GCC_WARN_64_TO_32_BIT_CONVERSION = YES;
				GCC_WARN_ABOUT_RETURN_TYPE = YES_ERROR;
				GCC_WARN_UNDECLARED_SELECTOR = YES;
				GCC_WARN_UNINITIALIZED_AUTOS = YES_AGGRESSIVE;
				GCC_WARN_UNUSED_FUNCTION = YES;
				GCC_WARN_UNUSED_VARIABLE = YES;
				IPHONEOS_DEPLOYMENT_TARGET = 12.4;
				MTL_ENABLE_DEBUG_INFO = INCLUDE_SOURCE;
				MTL_FAST_MATH = YES;
				ONLY_ACTIVE_ARCH = YES;
				SDKROOT = iphoneos;
			};
			name = Debug;
		};
		AA7C9B3C231652620036EF14 /* Release */ = {
			isa = XCBuildConfiguration;
			buildSettings = {
				ALWAYS_SEARCH_USER_PATHS = NO;
				CLANG_ANALYZER_NONNULL = YES;
				CLANG_ANALYZER_NUMBER_OBJECT_CONVERSION = YES_AGGRESSIVE;
				CLANG_CXX_LANGUAGE_STANDARD = "gnu++14";
				CLANG_CXX_LIBRARY = "libc++";
				CLANG_ENABLE_MODULES = YES;
				CLANG_ENABLE_OBJC_ARC = YES;
				CLANG_ENABLE_OBJC_WEAK = YES;
				CLANG_WARN_BLOCK_CAPTURE_AUTORELEASING = YES;
				CLANG_WARN_BOOL_CONVERSION = YES;
				CLANG_WARN_COMMA = YES;
				CLANG_WARN_CONSTANT_CONVERSION = YES;
				CLANG_WARN_DEPRECATED_OBJC_IMPLEMENTATIONS = YES;
				CLANG_WARN_DIRECT_OBJC_ISA_USAGE = YES_ERROR;
				CLANG_WARN_DOCUMENTATION_COMMENTS = YES;
				CLANG_WARN_EMPTY_BODY = YES;
				CLANG_WARN_ENUM_CONVERSION = YES;
				CLANG_WARN_INFINITE_RECURSION = YES;
				CLANG_WARN_INT_CONVERSION = YES;
				CLANG_WARN_NON_LITERAL_NULL_CONVERSION = YES;
				CLANG_WARN_OBJC_IMPLICIT_RETAIN_SELF = YES;
				CLANG_WARN_OBJC_LITERAL_CONVERSION = YES;
				CLANG_WARN_OBJC_ROOT_CLASS = YES_ERROR;
				CLANG_WARN_RANGE_LOOP_ANALYSIS = YES;
				CLANG_WARN_STRICT_PROTOTYPES = YES;
				CLANG_WARN_SUSPICIOUS_MOVE = YES;
				CLANG_WARN_UNGUARDED_AVAILABILITY = YES_AGGRESSIVE;
				CLANG_WARN_UNREACHABLE_CODE = YES;
				CLANG_WARN__DUPLICATE_METHOD_MATCH = YES;
				CODE_SIGN_IDENTITY = "iPhone Developer";
				COPY_PHASE_STRIP = NO;
				DEBUG_INFORMATION_FORMAT = "dwarf-with-dsym";
				ENABLE_NS_ASSERTIONS = NO;
				ENABLE_STRICT_OBJC_MSGSEND = YES;
				GCC_C_LANGUAGE_STANDARD = gnu11;
				GCC_NO_COMMON_BLOCKS = YES;
				GCC_WARN_64_TO_32_BIT_CONVERSION = YES;
				GCC_WARN_ABOUT_RETURN_TYPE = YES_ERROR;
				GCC_WARN_UNDECLARED_SELECTOR = YES;
				GCC_WARN_UNINITIALIZED_AUTOS = YES_AGGRESSIVE;
				GCC_WARN_UNUSED_FUNCTION = YES;
				GCC_WARN_UNUSED_VARIABLE = YES;
				IPHONEOS_DEPLOYMENT_TARGET = 12.4;
				MTL_ENABLE_DEBUG_INFO = NO;
				MTL_FAST_MATH = YES;
				SDKROOT = iphoneos;
				VALIDATE_PRODUCT = YES;
			};
			name = Release;
		};
		AA7C9B3E231652620036EF14 /* Debug */ = {
			isa = XCBuildConfiguration;
			buildSettings = {
				ASSETCATALOG_COMPILER_APPICON_NAME = AppIcon;
				CODE_SIGN_STYLE = Automatic;
				INFOPLIST_FILE = OpenGL_02/Info.plist;
				IPHONEOS_DEPLOYMENT_TARGET = 9.0;
				LD_RUNPATH_SEARCH_PATHS = (
					"$(inherited)",
					"@executable_path/Frameworks",
				);
				PRODUCT_BUNDLE_IDENTIFIER = "cn.ucloud.OpenGL-02";
				PRODUCT_NAME = "$(TARGET_NAME)";
				TARGETED_DEVICE_FAMILY = "1,2";
			};
			name = Debug;
		};
		AA7C9B3F231652620036EF14 /* Release */ = {
			isa = XCBuildConfiguration;
			buildSettings = {
				ASSETCATALOG_COMPILER_APPICON_NAME = AppIcon;
				CODE_SIGN_STYLE = Automatic;
				INFOPLIST_FILE = OpenGL_02/Info.plist;
				IPHONEOS_DEPLOYMENT_TARGET = 9.0;
				LD_RUNPATH_SEARCH_PATHS = (
					"$(inherited)",
					"@executable_path/Frameworks",
				);
				PRODUCT_BUNDLE_IDENTIFIER = "cn.ucloud.OpenGL-02";
				PRODUCT_NAME = "$(TARGET_NAME)";
				TARGETED_DEVICE_FAMILY = "1,2";
			};
			name = Release;
		};
		AA7C9B41231652620036EF14 /* Debug */ = {
			isa = XCBuildConfiguration;
			buildSettings = {
				BUNDLE_LOADER = "$(TEST_HOST)";
				CODE_SIGN_STYLE = Automatic;
				INFOPLIST_FILE = OpenGL_02Tests/Info.plist;
				LD_RUNPATH_SEARCH_PATHS = (
					"$(inherited)",
					"@executable_path/Frameworks",
					"@loader_path/Frameworks",
				);
				PRODUCT_BUNDLE_IDENTIFIER = "cn.ucloud.OpenGL-02Tests";
				PRODUCT_NAME = "$(TARGET_NAME)";
				TARGETED_DEVICE_FAMILY = "1,2";
				TEST_HOST = "$(BUILT_PRODUCTS_DIR)/OpenGL_02.app/OpenGL_02";
			};
			name = Debug;
		};
		AA7C9B42231652620036EF14 /* Release */ = {
			isa = XCBuildConfiguration;
			buildSettings = {
				BUNDLE_LOADER = "$(TEST_HOST)";
				CODE_SIGN_STYLE = Automatic;
				INFOPLIST_FILE = OpenGL_02Tests/Info.plist;
				LD_RUNPATH_SEARCH_PATHS = (
					"$(inherited)",
					"@executable_path/Frameworks",
					"@loader_path/Frameworks",
				);
				PRODUCT_BUNDLE_IDENTIFIER = "cn.ucloud.OpenGL-02Tests";
				PRODUCT_NAME = "$(TARGET_NAME)";
				TARGETED_DEVICE_FAMILY = "1,2";
				TEST_HOST = "$(BUILT_PRODUCTS_DIR)/OpenGL_02.app/OpenGL_02";
			};
			name = Release;
		};
		AA7C9B44231652620036EF14 /* Debug */ = {
			isa = XCBuildConfiguration;
			buildSettings = {
				CODE_SIGN_STYLE = Automatic;
				INFOPLIST_FILE = OpenGL_02UITests/Info.plist;
				LD_RUNPATH_SEARCH_PATHS = (
					"$(inherited)",
					"@executable_path/Frameworks",
					"@loader_path/Frameworks",
				);
				PRODUCT_BUNDLE_IDENTIFIER = "cn.ucloud.OpenGL-02UITests";
				PRODUCT_NAME = "$(TARGET_NAME)";
				TARGETED_DEVICE_FAMILY = "1,2";
				TEST_TARGET_NAME = OpenGL_02;
			};
			name = Debug;
		};
		AA7C9B45231652620036EF14 /* Release */ = {
			isa = XCBuildConfiguration;
			buildSettings = {
				CODE_SIGN_STYLE = Automatic;
				INFOPLIST_FILE = OpenGL_02UITests/Info.plist;
				LD_RUNPATH_SEARCH_PATHS = (
					"$(inherited)",
					"@executable_path/Frameworks",
					"@loader_path/Frameworks",
				);
				PRODUCT_BUNDLE_IDENTIFIER = "cn.ucloud.OpenGL-02UITests";
				PRODUCT_NAME = "$(TARGET_NAME)";
				TARGETED_DEVICE_FAMILY = "1,2";
				TEST_TARGET_NAME = OpenGL_02;
			};
			name = Release;
		};
/* End XCBuildConfiguration section */

/* Begin XCConfigurationList section */
		AA7C9B0C2316525F0036EF14 /* Build configuration list for PBXProject "OpenGL_02" */ = {
			isa = XCConfigurationList;
			buildConfigurations = (
				AA7C9B3B231652620036EF14 /* Debug */,
				AA7C9B3C231652620036EF14 /* Release */,
			);
			defaultConfigurationIsVisible = 0;
			defaultConfigurationName = Release;
		};
		AA7C9B3D231652620036EF14 /* Build configuration list for PBXNativeTarget "OpenGL_02" */ = {
			isa = XCConfigurationList;
			buildConfigurations = (
				AA7C9B3E231652620036EF14 /* Debug */,
				AA7C9B3F231652620036EF14 /* Release */,
			);
			defaultConfigurationIsVisible = 0;
			defaultConfigurationName = Release;
		};
		AA7C9B40231652620036EF14 /* Build configuration list for PBXNativeTarget "OpenGL_02Tests" */ = {
			isa = XCConfigurationList;
			buildConfigurations = (
				AA7C9B41231652620036EF14 /* Debug */,
				AA7C9B42231652620036EF14 /* Release */,
			);
			defaultConfigurationIsVisible = 0;
			defaultConfigurationName = Release;
		};
		AA7C9B43231652620036EF14 /* Build configuration list for PBXNativeTarget "OpenGL_02UITests" */ = {
			isa = XCConfigurationList;
			buildConfigurations = (
				AA7C9B44231652620036EF14 /* Debug */,
				AA7C9B45231652620036EF14 /* Release */,
			);
			defaultConfigurationIsVisible = 0;
			defaultConfigurationName = Release;
		};
/* End XCConfigurationList section */
	};
	rootObject = AA7C9B092316525F0036EF14 /* Project object */;
}
