// !$*UTF8*$!
{
	archiveVersion = 1;
	classes = {
	};
	objectVersion = 50;
	objects = {

/* Begin PBXBuildFile section */
		AA6316862313B0FC00E7D809 /* AppDelegate.m in Sources */ = {isa = PBXBuildFile; fileRef = AA6316852313B0FC00E7D809 /* AppDelegate.m */; };
		AA6316892313B0FC00E7D809 /* ViewController.m in Sources */ = {isa = PBXBuildFile; fileRef = AA6316882313B0FC00E7D809 /* ViewController.m */; };
		AA63168C2313B0FC00E7D809 /* Main.storyboard in Resources */ = {isa = PBXBuildFile; fileRef = AA63168A2313B0FC00E7D809 /* Main.storyboard */; };
		AA63168E2313B0FD00E7D809 /* Assets.xcassets in Resources */ = {isa = PBXBuildFile; fileRef = AA63168D2313B0FD00E7D809 /* Assets.xcassets */; };
		AA6316912313B0FD00E7D809 /* LaunchScreen.storyboard in Resources */ = {isa = PBXBuildFile; fileRef = AA63168F2313B0FD00E7D809 /* LaunchScreen.storyboard */; };
		AA6316942313B0FD00E7D809 /* main.m in Sources */ = {isa = PBXBuildFile; fileRef = AA6316932313B0FD00E7D809 /* main.m */; };
		AA63169E2313B0FD00E7D809 /* Demo_01Tests.m in Sources */ = {isa = PBXBuildFile; fileRef = AA63169D2313B0FD00E7D809 /* Demo_01Tests.m */; };
		AA6316A92313B0FD00E7D809 /* Demo_01UITests.m in Sources */ = {isa = PBXBuildFile; fileRef = AA6316A82313B0FD00E7D809 /* Demo_01UITests.m */; };
/* End PBXBuildFile section */

/* Begin PBXContainerItemProxy section */
		AA63169A2313B0FD00E7D809 /* PBXContainerItemProxy */ = {
			isa = PBXContainerItemProxy;
			containerPortal = AA6316792313B0FC00E7D809 /* Project object */;
			proxyType = 1;
			remoteGlobalIDString = AA6316802313B0FC00E7D809;
			remoteInfo = Demo_01;
		};
		AA6316A52313B0FD00E7D809 /* PBXContainerItemProxy */ = {
			isa = PBXContainerItemProxy;
			containerPortal = AA6316792313B0FC00E7D809 /* Project object */;
			proxyType = 1;
			remoteGlobalIDString = AA6316802313B0FC00E7D809;
			remoteInfo = Demo_01;
		};
/* End PBXContainerItemProxy section */

/* Begin PBXFileReference section */
		AA6316812313B0FC00E7D809 /* Demo_01.app */ = {isa = PBXFileReference; explicitFileType = wrapper.application; includeInIndex = 0; path = Demo_01.app; sourceTree = BUILT_PRODUCTS_DIR; };
		AA6316842313B0FC00E7D809 /* AppDelegate.h */ = {isa = PBXFileReference; lastKnownFileType = sourcecode.c.h; path = AppDelegate.h; sourceTree = "<group>"; };
		AA6316852313B0FC00E7D809 /* AppDelegate.m */ = {isa = PBXFileReference; lastKnownFileType = sourcecode.c.objc; path = AppDelegate.m; sourceTree = "<group>"; };
		AA6316872313B0FC00E7D809 /* ViewController.h */ = {isa = PBXFileReference; lastKnownFileType = sourcecode.c.h; path = ViewController.h; sourceTree = "<group>"; };
		AA6316882313B0FC00E7D809 /* ViewController.m */ = {isa = PBXFileReference; lastKnownFileType = sourcecode.c.objc; path = ViewController.m; sourceTree = "<group>"; };
		AA63168B2313B0FC00E7D809 /* Base */ = {isa = PBXFileReference; lastKnownFileType = file.storyboard; name = Base; path = Base.lproj/Main.storyboard; sourceTree = "<group>"; };
		AA63168D2313B0FD00E7D809 /* Assets.xcassets */ = {isa = PBXFileReference; lastKnownFileType = folder.assetcatalog; path = Assets.xcassets; sourceTree = "<group>"; };
		AA6316902313B0FD00E7D809 /* Base */ = {isa = PBXFileReference; lastKnownFileType = file.storyboard; name = Base; path = Base.lproj/LaunchScreen.storyboard; sourceTree = "<group>"; };
		AA6316922313B0FD00E7D809 /* Info.plist */ = {isa = PBXFileReference; lastKnownFileType = text.plist.xml; path = Info.plist; sourceTree = "<group>"; };
		AA6316932313B0FD00E7D809 /* main.m */ = {isa = PBXFileReference; lastKnownFileType = sourcecode.c.objc; path = main.m; sourceTree = "<group>"; };
		AA6316992313B0FD00E7D809 /* Demo_01Tests.xctest */ = {isa = PBXFileReference; explicitFileType = wrapper.cfbundle; includeInIndex = 0; path = Demo_01Tests.xctest; sourceTree = BUILT_PRODUCTS_DIR; };
		AA63169D2313B0FD00E7D809 /* Demo_01Tests.m */ = {isa = PBXFileReference; lastKnownFileType = sourcecode.c.objc; path = Demo_01Tests.m; sourceTree = "<group>"; };
		AA63169F2313B0FD00E7D809 /* Info.plist */ = {isa = PBXFileReference; lastKnownFileType = text.plist.xml; path = Info.plist; sourceTree = "<group>"; };
		AA6316A42313B0FD00E7D809 /* Demo_01UITests.xctest */ = {isa = PBXFileReference; explicitFileType = wrapper.cfbundle; includeInIndex = 0; path = Demo_01UITests.xctest; sourceTree = BUILT_PRODUCTS_DIR; };
		AA6316A82313B0FD00E7D809 /* Demo_01UITests.m */ = {isa = PBXFileReference; lastKnownFileType = sourcecode.c.objc; path = Demo_01UITests.m; sourceTree = "<group>"; };
		AA6316AA2313B0FD00E7D809 /* Info.plist */ = {isa = PBXFileReference; lastKnownFileType = text.plist.xml; path = Info.plist; sourceTree = "<group>"; };
/* End PBXFileReference section */

/* Begin PBXFrameworksBuildPhase section */
		AA63167E2313B0FC00E7D809 /* Frameworks */ = {
			isa = PBXFrameworksBuildPhase;
			buildActionMask = 2147483647;
			files = (
			);
			runOnlyForDeploymentPostprocessing = 0;
		};
		AA6316962313B0FD00E7D809 /* Frameworks */ = {
			isa = PBXFrameworksBuildPhase;
			buildActionMask = 2147483647;
			files = (
			);
			runOnlyForDeploymentPostprocessing = 0;
		};
		AA6316A12313B0FD00E7D809 /* Frameworks */ = {
			isa = PBXFrameworksBuildPhase;
			buildActionMask = 2147483647;
			files = (
			);
			runOnlyForDeploymentPostprocessing = 0;
		};
/* End PBXFrameworksBuildPhase section */

/* Begin PBXGroup section */
		AA6316782313B0FC00E7D809 = {
			isa = PBXGroup;
			children = (
				AA6316832313B0FC00E7D809 /* Demo_01 */,
				AA63169C2313B0FD00E7D809 /* Demo_01Tests */,
				AA6316A72313B0FD00E7D809 /* Demo_01UITests */,
				AA6316822313B0FC00E7D809 /* Products */,
			);
			sourceTree = "<group>";
		};
		AA6316822313B0FC00E7D809 /* Products */ = {
			isa = PBXGroup;
			children = (
				AA6316812313B0FC00E7D809 /* Demo_01.app */,
				AA6316992313B0FD00E7D809 /* Demo_01Tests.xctest */,
				AA6316A42313B0FD00E7D809 /* Demo_01UITests.xctest */,
			);
			name = Products;
			sourceTree = "<group>";
		};
		AA6316832313B0FC00E7D809 /* Demo_01 */ = {
			isa = PBXGroup;
			children = (
				AA6316842313B0FC00E7D809 /* AppDelegate.h */,
				AA6316852313B0FC00E7D809 /* AppDelegate.m */,
				AA6316872313B0FC00E7D809 /* ViewController.h */,
				AA6316882313B0FC00E7D809 /* ViewController.m */,
				AA63168A2313B0FC00E7D809 /* Main.storyboard */,
				AA63168D2313B0FD00E7D809 /* Assets.xcassets */,
				AA63168F2313B0FD00E7D809 /* LaunchScreen.storyboard */,
				AA6316922313B0FD00E7D809 /* Info.plist */,
				AA6316932313B0FD00E7D809 /* main.m */,
			);
			path = Demo_01;
			sourceTree = "<group>";
		};
		AA63169C2313B0FD00E7D809 /* Demo_01Tests */ = {
			isa = PBXGroup;
			children = (
				AA63169D2313B0FD00E7D809 /* Demo_01Tests.m */,
				AA63169F2313B0FD00E7D809 /* Info.plist */,
			);
			path = Demo_01Tests;
			sourceTree = "<group>";
		};
		AA6316A72313B0FD00E7D809 /* Demo_01UITests */ = {
			isa = PBXGroup;
			children = (
				AA6316A82313B0FD00E7D809 /* Demo_01UITests.m */,
				AA6316AA2313B0FD00E7D809 /* Info.plist */,
			);
			path = Demo_01UITests;
			sourceTree = "<group>";
		};
/* End PBXGroup section */

/* Begin PBXNativeTarget section */
		AA6316802313B0FC00E7D809 /* Demo_01 */ = {
			isa = PBXNativeTarget;
			buildConfigurationList = AA6316AD2313B0FD00E7D809 /* Build configuration list for PBXNativeTarget "Demo_01" */;
			buildPhases = (
				AA63167D2313B0FC00E7D809 /* Sources */,
				AA63167E2313B0FC00E7D809 /* Frameworks */,
				AA63167F2313B0FC00E7D809 /* Resources */,
			);
			buildRules = (
			);
			dependencies = (
			);
			name = Demo_01;
			productName = Demo_01;
			productReference = AA6316812313B0FC00E7D809 /* Demo_01.app */;
			productType = "com.apple.product-type.application";
		};
		AA6316982313B0FD00E7D809 /* Demo_01Tests */ = {
			isa = PBXNativeTarget;
			buildConfigurationList = AA6316B02313B0FD00E7D809 /* Build configuration list for PBXNativeTarget "Demo_01Tests" */;
			buildPhases = (
				AA6316952313B0FD00E7D809 /* Sources */,
				AA6316962313B0FD00E7D809 /* Frameworks */,
				AA6316972313B0FD00E7D809 /* Resources */,
			);
			buildRules = (
			);
			dependencies = (
				AA63169B2313B0FD00E7D809 /* PBXTargetDependency */,
			);
			name = Demo_01Tests;
			productName = Demo_01Tests;
			productReference = AA6316992313B0FD00E7D809 /* Demo_01Tests.xctest */;
			productType = "com.apple.product-type.bundle.unit-test";
		};
		AA6316A32313B0FD00E7D809 /* Demo_01UITests */ = {
			isa = PBXNativeTarget;
			buildConfigurationList = AA6316B32313B0FD00E7D809 /* Build configuration list for PBXNativeTarget "Demo_01UITests" */;
			buildPhases = (
				AA6316A02313B0FD00E7D809 /* Sources */,
				AA6316A12313B0FD00E7D809 /* Frameworks */,
				AA6316A22313B0FD00E7D809 /* Resources */,
			);
			buildRules = (
			);
			dependencies = (
				AA6316A62313B0FD00E7D809 /* PBXTargetDependency */,
			);
			name = Demo_01UITests;
			productName = Demo_01UITests;
			productReference = AA6316A42313B0FD00E7D809 /* Demo_01UITests.xctest */;
			productType = "com.apple.product-type.bundle.ui-testing";
		};
/* End PBXNativeTarget section */

/* Begin PBXProject section */
		AA6316792313B0FC00E7D809 /* Project object */ = {
			isa = PBXProject;
			attributes = {
				LastUpgradeCheck = 1030;
				ORGANIZATIONNAME = ucloud;
				TargetAttributes = {
					AA6316802313B0FC00E7D809 = {
						CreatedOnToolsVersion = 10.3;
					};
					AA6316982313B0FD00E7D809 = {
						CreatedOnToolsVersion = 10.3;
						TestTargetID = AA6316802313B0FC00E7D809;
					};
					AA6316A32313B0FD00E7D809 = {
						CreatedOnToolsVersion = 10.3;
						TestTargetID = AA6316802313B0FC00E7D809;
					};
				};
			};
			buildConfigurationList = AA63167C2313B0FC00E7D809 /* Build configuration list for PBXProject "Demo_01" */;
			compatibilityVersion = "Xcode 9.3";
			developmentRegion = en;
			hasScannedForEncodings = 0;
			knownRegions = (
				en,
				Base,
			);
			mainGroup = AA6316782313B0FC00E7D809;
			productRefGroup = AA6316822313B0FC00E7D809 /* Products */;
			projectDirPath = "";
			projectRoot = "";
			targets = (
				AA6316802313B0FC00E7D809 /* Demo_01 */,
				AA6316982313B0FD00E7D809 /* Demo_01Tests */,
				AA6316A32313B0FD00E7D809 /* Demo_01UITests */,
			);
		};
/* End PBXProject section */

/* Begin PBXResourcesBuildPhase section */
		AA63167F2313B0FC00E7D809 /* Resources */ = {
			isa = PBXResourcesBuildPhase;
			buildActionMask = 2147483647;
			files = (
				AA6316912313B0FD00E7D809 /* LaunchScreen.storyboard in Resources */,
				AA63168E2313B0FD00E7D809 /* Assets.xcassets in Resources */,
				AA63168C2313B0FC00E7D809 /* Main.storyboard in Resources */,
			);
			runOnlyForDeploymentPostprocessing = 0;
		};
		AA6316972313B0FD00E7D809 /* Resources */ = {
			isa = PBXResourcesBuildPhase;
			buildActionMask = 2147483647;
			files = (
			);
			runOnlyForDeploymentPostprocessing = 0;
		};
		AA6316A22313B0FD00E7D809 /* Resources */ = {
			isa = PBXResourcesBuildPhase;
			buildActionMask = 2147483647;
			files = (
			);
			runOnlyForDeploymentPostprocessing = 0;
		};
/* End PBXResourcesBuildPhase section */

/* Begin PBXSourcesBuildPhase section */
		AA63167D2313B0FC00E7D809 /* Sources */ = {
			isa = PBXSourcesBuildPhase;
			buildActionMask = 2147483647;
			files = (
				AA6316892313B0FC00E7D809 /* ViewController.m in Sources */,
				AA6316942313B0FD00E7D809 /* main.m in Sources */,
				AA6316862313B0FC00E7D809 /* AppDelegate.m in Sources */,
			);
			runOnlyForDeploymentPostprocessing = 0;
		};
		AA6316952313B0FD00E7D809 /* Sources */ = {
			isa = PBXSourcesBuildPhase;
			buildActionMask = 2147483647;
			files = (
				AA63169E2313B0FD00E7D809 /* Demo_01Tests.m in Sources */,
			);
			runOnlyForDeploymentPostprocessing = 0;
		};
		AA6316A02313B0FD00E7D809 /* Sources */ = {
			isa = PBXSourcesBuildPhase;
			buildActionMask = 2147483647;
			files = (
				AA6316A92313B0FD00E7D809 /* Demo_01UITests.m in Sources */,
			);
			runOnlyForDeploymentPostprocessing = 0;
		};
/* End PBXSourcesBuildPhase section */

/* Begin PBXTargetDependency section */
		AA63169B2313B0FD00E7D809 /* PBXTargetDependency */ = {
			isa = PBXTargetDependency;
			target = AA6316802313B0FC00E7D809 /* Demo_01 */;
			targetProxy = AA63169A2313B0FD00E7D809 /* PBXContainerItemProxy */;
		};
		AA6316A62313B0FD00E7D809 /* PBXTargetDependency */ = {
			isa = PBXTargetDependency;
			target = AA6316802313B0FC00E7D809 /* Demo_01 */;
			targetProxy = AA6316A52313B0FD00E7D809 /* PBXContainerItemProxy */;
		};
/* End PBXTargetDependency section */

/* Begin PBXVariantGroup section */
		AA63168A2313B0FC00E7D809 /* Main.storyboard */ = {
			isa = PBXVariantGroup;
			children = (
				AA63168B2313B0FC00E7D809 /* Base */,
			);
			name = Main.storyboard;
			sourceTree = "<group>";
		};
		AA63168F2313B0FD00E7D809 /* LaunchScreen.storyboard */ = {
			isa = PBXVariantGroup;
			children = (
				AA6316902313B0FD00E7D809 /* Base */,
			);
			name = LaunchScreen.storyboard;
			sourceTree = "<group>";
		};
/* End PBXVariantGroup section */

/* Begin XCBuildConfiguration section */
		AA6316AB2313B0FD00E7D809 /* Debug */ = {
			isa = XCBuildConfiguration;
			buildSettings = {
				ALWAYS_SEARCH_USER_PATHS = NO;
				CLANG_ANALYZER_NONNULL = YES;
				CLANG_ANALYZER_NUMBER_OBJECT_CONVERSION = YES_AGGRESSIVE;
				CLANG_CXX_LANGUAGE_STANDARD = "gnu++14";
				CLANG_CXX_LIBRARY = "libc++";
				CLANG_ENABLE_MODULES = YES;
				CLANG_ENABLE_OBJC_ARC = YES;
				CLANG_ENABLE_OBJC_WEAK = YES;
				CLANG_WARN_BLOCK_CAPTURE_AUTORELEASING = YES;
				CLANG_WARN_BOOL_CONVERSION = YES;
				CLANG_WARN_COMMA = YES;
				CLANG_WARN_CONSTANT_CONVERSION = YES;
				CLANG_WARN_DEPRECATED_OBJC_IMPLEMENTATIONS = YES;
				CLANG_WARN_DIRECT_OBJC_ISA_USAGE = YES_ERROR;
				CLANG_WARN_DOCUMENTATION_COMMENTS = YES;
				CLANG_WARN_EMPTY_BODY = YES;
				CLANG_WARN_ENUM_CONVERSION = YES;
				CLANG_WARN_INFINITE_RECURSION = YES;
				CLANG_WARN_INT_CONVERSION = YES;
				CLANG_WARN_NON_LITERAL_NULL_CONVERSION = YES;
				CLANG_WARN_OBJC_IMPLICIT_RETAIN_SELF = YES;
				CLANG_WARN_OBJC_LITERAL_CONVERSION = YES;
				CLANG_WARN_OBJC_ROOT_CLASS = YES_ERROR;
				CLANG_WARN_RANGE_LOOP_ANALYSIS = YES;
				CLANG_WARN_STRICT_PROTOTYPES = YES;
				CLANG_WARN_SUSPICIOUS_MOVE = YES;
				CLANG_WARN_UNGUARDED_AVAILABILITY = YES_AGGRESSIVE;
				CLANG_WARN_UNREACHABLE_CODE = YES;
				CLANG_WARN__DUPLICATE_METHOD_MATCH = YES;
				CODE_SIGN_IDENTITY = "iPhone Developer";
				COPY_PHASE_STRIP = NO;
				DEBUG_INFORMATION_FORMAT = dwarf;
				ENABLE_STRICT_OBJC_MSGSEND = YES;
				ENABLE_TESTABILITY = YES;
				GCC_C_LANGUAGE_STANDARD = gnu11;
				GCC_DYNAMIC_NO_PIC = NO;
				GCC_NO_COMMON_BLOCKS = YES;
				GCC_OPTIMIZATION_LEVEL = 0;
				GCC_PREPROCESSOR_DEFINITIONS = (
					"DEBUG=1",
					"$(inherited)",
				);
				GCC_WARN_64_TO_32_BIT_CONVERSION = YES;
				GCC_WARN_ABOUT_RETURN_TYPE = YES_ERROR;
				GCC_WARN_UNDECLARED_SELECTOR = YES;
				GCC_WARN_UNINITIALIZED_AUTOS = YES_AGGRESSIVE;
				GCC_WARN_UNUSED_FUNCTION = YES;
				GCC_WARN_UNUSED_VARIABLE = YES;
				IPHONEOS_DEPLOYMENT_TARGET = 12.4;
				MTL_ENABLE_DEBUG_INFO = INCLUDE_SOURCE;
				MTL_FAST_MATH = YES;
				ONLY_ACTIVE_ARCH = YES;
				SDKROOT = iphoneos;
			};
			name = Debug;
		};
		AA6316AC2313B0FD00E7D809 /* Release */ = {
			isa = XCBuildConfiguration;
			buildSettings = {
				ALWAYS_SEARCH_USER_PATHS = NO;
				CLANG_ANALYZER_NONNULL = YES;
				CLANG_ANALYZER_NUMBER_OBJECT_CONVERSION = YES_AGGRESSIVE;
				CLANG_CXX_LANGUAGE_STANDARD = "gnu++14";
				CLANG_CXX_LIBRARY = "libc++";
				CLANG_ENABLE_MODULES = YES;
				CLANG_ENABLE_OBJC_ARC = YES;
				CLANG_ENABLE_OBJC_WEAK = YES;
				CLANG_WARN_BLOCK_CAPTURE_AUTORELEASING = YES;
				CLANG_WARN_BOOL_CONVERSION = YES;
				CLANG_WARN_COMMA = YES;
				CLANG_WARN_CONSTANT_CONVERSION = YES;
				CLANG_WARN_DEPRECATED_OBJC_IMPLEMENTATIONS = YES;
				CLANG_WARN_DIRECT_OBJC_ISA_USAGE = YES_ERROR;
				CLANG_WARN_DOCUMENTATION_COMMENTS = YES;
				CLANG_WARN_EMPTY_BODY = YES;
				CLANG_WARN_ENUM_CONVERSION = YES;
				CLANG_WARN_INFINITE_RECURSION = YES;
				CLANG_WARN_INT_CONVERSION = YES;
				CLANG_WARN_NON_LITERAL_NULL_CONVERSION = YES;
				CLANG_WARN_OBJC_IMPLICIT_RETAIN_SELF = YES;
				CLANG_WARN_OBJC_LITERAL_CONVERSION = YES;
				CLANG_WARN_OBJC_ROOT_CLASS = YES_ERROR;
				CLANG_WARN_RANGE_LOOP_ANALYSIS = YES;
				CLANG_WARN_STRICT_PROTOTYPES = YES;
				CLANG_WARN_SUSPICIOUS_MOVE = YES;
				CLANG_WARN_UNGUARDED_AVAILABILITY = YES_AGGRESSIVE;
				CLANG_WARN_UNREACHABLE_CODE = YES;
				CLANG_WARN__DUPLICATE_METHOD_MATCH = YES;
				CODE_SIGN_IDENTITY = "iPhone Developer";
				COPY_PHASE_STRIP = NO;
				DEBUG_INFORMATION_FORMAT = "dwarf-with-dsym";
				ENABLE_NS_ASSERTIONS = NO;
				ENABLE_STRICT_OBJC_MSGSEND = YES;
				GCC_C_LANGUAGE_STANDARD = gnu11;
				GCC_NO_COMMON_BLOCKS = YES;
				GCC_WARN_64_TO_32_BIT_CONVERSION = YES;
				GCC_WARN_ABOUT_RETURN_TYPE = YES_ERROR;
				GCC_WARN_UNDECLARED_SELECTOR = YES;
				GCC_WARN_UNINITIALIZED_AUTOS = YES_AGGRESSIVE;
				GCC_WARN_UNUSED_FUNCTION = YES;
				GCC_WARN_UNUSED_VARIABLE = YES;
				IPHONEOS_DEPLOYMENT_TARGET = 12.4;
				MTL_ENABLE_DEBUG_INFO = NO;
				MTL_FAST_MATH = YES;
				SDKROOT = iphoneos;
				VALIDATE_PRODUCT = YES;
			};
			name = Release;
		};
		AA6316AE2313B0FD00E7D809 /* Debug */ = {
			isa = XCBuildConfiguration;
			buildSettings = {
				ASSETCATALOG_COMPILER_APPICON_NAME = AppIcon;
				CODE_SIGN_STYLE = Automatic;
				INFOPLIST_FILE = Demo_01/Info.plist;
				LD_RUNPATH_SEARCH_PATHS = (
					"$(inherited)",
					"@executable_path/Frameworks",
				);
				PRODUCT_BUNDLE_IDENTIFIER = "cn.ucloud.Demo-01";
				PRODUCT_NAME = "$(TARGET_NAME)";
				TARGETED_DEVICE_FAMILY = "1,2";
			};
			name = Debug;
		};
		AA6316AF2313B0FD00E7D809 /* Release */ = {
			isa = XCBuildConfiguration;
			buildSettings = {
				ASSETCATALOG_COMPILER_APPICON_NAME = AppIcon;
				CODE_SIGN_STYLE = Automatic;
				INFOPLIST_FILE = Demo_01/Info.plist;
				LD_RUNPATH_SEARCH_PATHS = (
					"$(inherited)",
					"@executable_path/Frameworks",
				);
				PRODUCT_BUNDLE_IDENTIFIER = "cn.ucloud.Demo-01";
				PRODUCT_NAME = "$(TARGET_NAME)";
				TARGETED_DEVICE_FAMILY = "1,2";
			};
			name = Release;
		};
		AA6316B12313B0FD00E7D809 /* Debug */ = {
			isa = XCBuildConfiguration;
			buildSettings = {
				BUNDLE_LOADER = "$(TEST_HOST)";
				CODE_SIGN_STYLE = Automatic;
				INFOPLIST_FILE = Demo_01Tests/Info.plist;
				LD_RUNPATH_SEARCH_PATHS = (
					"$(inherited)",
					"@executable_path/Frameworks",
					"@loader_path/Frameworks",
				);
				PRODUCT_BUNDLE_IDENTIFIER = "cn.ucloud.Demo-01Tests";
				PRODUCT_NAME = "$(TARGET_NAME)";
				TARGETED_DEVICE_FAMILY = "1,2";
				TEST_HOST = "$(BUILT_PRODUCTS_DIR)/Demo_01.app/Demo_01";
			};
			name = Debug;
		};
		AA6316B22313B0FD00E7D809 /* Release */ = {
			isa = XCBuildConfiguration;
			buildSettings = {
				BUNDLE_LOADER = "$(TEST_HOST)";
				CODE_SIGN_STYLE = Automatic;
				INFOPLIST_FILE = Demo_01Tests/Info.plist;
				LD_RUNPATH_SEARCH_PATHS = (
					"$(inherited)",
					"@executable_path/Frameworks",
					"@loader_path/Frameworks",
				);
				PRODUCT_BUNDLE_IDENTIFIER = "cn.ucloud.Demo-01Tests";
				PRODUCT_NAME = "$(TARGET_NAME)";
				TARGETED_DEVICE_FAMILY = "1,2";
				TEST_HOST = "$(BUILT_PRODUCTS_DIR)/Demo_01.app/Demo_01";
			};
			name = Release;
		};
		AA6316B42313B0FD00E7D809 /* Debug */ = {
			isa = XCBuildConfiguration;
			buildSettings = {
				CODE_SIGN_STYLE = Automatic;
				INFOPLIST_FILE = Demo_01UITests/Info.plist;
				LD_RUNPATH_SEARCH_PATHS = (
					"$(inherited)",
					"@executable_path/Frameworks",
					"@loader_path/Frameworks",
				);
				PRODUCT_BUNDLE_IDENTIFIER = "cn.ucloud.Demo-01UITests";
				PRODUCT_NAME = "$(TARGET_NAME)";
				TARGETED_DEVICE_FAMILY = "1,2";
				TEST_TARGET_NAME = Demo_01;
			};
			name = Debug;
		};
		AA6316B52313B0FD00E7D809 /* Release */ = {
			isa = XCBuildConfiguration;
			buildSettings = {
				CODE_SIGN_STYLE = Automatic;
				INFOPLIST_FILE = Demo_01UITests/Info.plist;
				LD_RUNPATH_SEARCH_PATHS = (
					"$(inherited)",
					"@executable_path/Frameworks",
					"@loader_path/Frameworks",
				);
				PRODUCT_BUNDLE_IDENTIFIER = "cn.ucloud.Demo-01UITests";
				PRODUCT_NAME = "$(TARGET_NAME)";
				TARGETED_DEVICE_FAMILY = "1,2";
				TEST_TARGET_NAME = Demo_01;
			};
			name = Release;
		};
/* End XCBuildConfiguration section */

/* Begin XCConfigurationList section */
		AA63167C2313B0FC00E7D809 /* Build configuration list for PBXProject "Demo_01" */ = {
			isa = XCConfigurationList;
			buildConfigurations = (
				AA6316AB2313B0FD00E7D809 /* Debug */,
				AA6316AC2313B0FD00E7D809 /* Release */,
			);
			defaultConfigurationIsVisible = 0;
			defaultConfigurationName = Release;
		};
		AA6316AD2313B0FD00E7D809 /* Build configuration list for PBXNativeTarget "Demo_01" */ = {
			isa = XCConfigurationList;
			buildConfigurations = (
				AA6316AE2313B0FD00E7D809 /* Debug */,
				AA6316AF2313B0FD00E7D809 /* Release */,
			);
			defaultConfigurationIsVisible = 0;
			defaultConfigurationName = Release;
		};
		AA6316B02313B0FD00E7D809 /* Build configuration list for PBXNativeTarget "Demo_01Tests" */ = {
			isa = XCConfigurationList;
			buildConfigurations = (
				AA6316B12313B0FD00E7D809 /* Debug */,
				AA6316B22313B0FD00E7D809 /* Release */,
			);
			defaultConfigurationIsVisible = 0;
			defaultConfigurationName = Release;
		};
		AA6316B32313B0FD00E7D809 /* Build configuration list for PBXNativeTarget "Demo_01UITests" */ = {
			isa = XCConfigurationList;
			buildConfigurations = (
				AA6316B42313B0FD00E7D809 /* Debug */,
				AA6316B52313B0FD00E7D809 /* Release */,
			);
			defaultConfigurationIsVisible = 0;
			defaultConfigurationName = Release;
		};
/* End XCConfigurationList section */
	};
	rootObject = AA6316792313B0FC00E7D809 /* Project object */;
}
